
Microsoft Visual Studio Solution File, Format Version 12.00
# Visual Studio Version 17
VisualStudioVersion = 17.8.34309.116
MinimumVisualStudioVersion = 10.0.40219.1
Project("{8BC9CEB8-8B4A-11D0-8D11-00A0C91BC942}") = "01MyDriver", "MyDriver1\MyDriver1.vcxproj", "{0765885D-B779-4AC6-8C38-393C78B299E3}"
EndProject
Project("{8BC9CEB8-8B4A-11D0-8D11-00A0C91BC942}") = "02中断请求级别", "MyDriver2\MyDriver2.vcxproj", "{A8400070-430C-4AA7-8266-B545AA568D41}"
EndProject
Project("{8BC9CEB8-8B4A-11D0-8D11-00A0C91BC942}") = "03字符串操作", "03字符串操作\03字符串操作.vcxproj", "{CCA5530D-2675-4C38-AF31-AF1C29B1A760}"
EndProject
Project("{8BC9CEB8-8B4A-11D0-8D11-00A0C91BC942}") = "04链表", "04链表\04链表.vcxproj", "{B884E0DD-4AFB-4F8F-A56B-FCD9E66A9296}"
EndProject
Project("{8BC9CEB8-8B4A-11D0-8D11-00A0C91BC942}") = "05自旋锁", "05自旋锁\05自旋锁.vcxproj", "{37F5AAF0-2ABA-41AC-B067-21AE3AAD9506}"
EndProject
Project("{8BC9CEB8-8B4A-11D0-8D11-00A0C91BC942}") = "06旁视列表", "06旁视列表\06旁视列表.vcxproj", "{D6F5F8A8-6E15-4246-B805-C40BA52D8E3F}"
EndProject
Project("{8BC9CEB8-8B4A-11D0-8D11-00A0C91BC942}") = "07对象和句柄", "07对象和句柄\07对象和句柄.vcxproj", "{DD390407-0D3D-45E0-8622-D153134C0839}"
EndProject
Project("{8BC9CEB8-8B4A-11D0-8D11-00A0C91BC942}") = "08注册表", "08注册表\08注册表.vcxproj", "{899B621A-C598-436A-88B6-780F8F6CC71B}"
EndProject
Project("{8BC9CEB8-8B4A-11D0-8D11-00A0C91BC942}") = "09文件操作", "09文件操作\09文件操作.vcxproj", "{95075D65-2DA0-4746-8DB2-7558DBC52000}"
EndProject
Project("{8BC9CEB8-8B4A-11D0-8D11-00A0C91BC942}") = "10线程,通知,同步", "10线程,通知,同步\10线程,通知,同步.vcxproj", "{9A55A5D6-9A2A-4E0E-AC53-B1B9C9171876}"
EndProject
Project("{8BC9CEB8-8B4A-11D0-8D11-00A0C91BC942}") = "11通信3环", "11\11.vcxproj", "{6C5D6837-1CA4-4973-BD20-B520FD043046}"
EndProject
Project("{8BC9CEB8-8B4A-11D0-8D11-00A0C91BC942}") = "11通信0环", "11通信0环\11通信0环.vcxproj", "{C1DDC2A7-4272-492A-9653-6AD354021E88}"
EndProject
Project("{8BC9CEB8-8B4A-11D0-8D11-00A0C91BC942}") = "植物大战僵尸辅助", "植物大战僵尸辅助\植物大战僵尸辅助.vcxproj", "{1DE25683-EDAD-4312-A6B3-55D1A0A8394F}"
EndProject
Project("{8BC9CEB8-8B4A-11D0-8D11-00A0C91BC942}") = "12驱动基础", "12驱动基础\12驱动基础.vcxproj", "{EE6F7F40-708A-45EC-AB91-52D6D09F4C09}"
EndProject
Project("{8BC9CEB8-8B4A-11D0-8D11-00A0C91BC942}") = "13泛型表", "13泛型表\13泛型表.vcxproj", "{63A8A6DE-19DC-4D47-B43A-390B45E069EE}"
EndProject
Project("{8BC9CEB8-8B4A-11D0-8D11-00A0C91BC942}") = "15断链摘除驱动节点", "15断链摘除驱动节点\15断链摘除驱动节点.vcxproj", "{0601AF1C-24A8-4717-8512-F0435BF3232F}"
EndProject
Project("{8BC9CEB8-8B4A-11D0-8D11-00A0C91BC942}") = "14遍历所有驱动", "14遍历所有驱动\14遍历所有驱动.vcxproj", "{5B5F340B-975E-467E-A4E7-C3320A93A821}"
EndProject
Project("{8BC9CEB8-8B4A-11D0-8D11-00A0C91BC942}") = "我的程序", "我的程序\我的程序.vcxproj", "{A612E408-B0A5-4477-B332-65E30CF6ECE2}"
EndProject
Project("{8BC9CEB8-8B4A-11D0-8D11-00A0C91BC942}") = "16通信0环", "16通信0环\16通信0环.vcxproj", "{84B0D7E0-B8F1-44E6-9ECB-8974C8376AAE}"
EndProject
Project("{8BC9CEB8-8B4A-11D0-8D11-00A0C91BC942}") = "16通信3环", "16通信3环\16通信3环.vcxproj", "{5D6F4A7A-74FF-4272-8D65-EE2E400F62FF}"
EndProject
Project("{8BC9CEB8-8B4A-11D0-8D11-00A0C91BC942}") = "17驱动读写0环", "17驱动读写0环\17驱动读写0环.vcxproj", "{C66D9DED-B218-4856-AE1D-6D7810611E61}"
EndProject
Project("{8BC9CEB8-8B4A-11D0-8D11-00A0C91BC942}") = "17驱动读写3环", "17驱动读写3环\17驱动读写3环.vcxproj", "{5CE80D01-9FE2-47EF-8C98-5DDB189C402D}"
EndProject
Project("{8BC9CEB8-8B4A-11D0-8D11-00A0C91BC942}") = "18进程通知回调", "18进程通知回调\18进程通知回调.vcxproj", "{1BA52A7A-7957-46A0-96FC-CDDECBA56910}"
EndProject
Project("{8BC9CEB8-8B4A-11D0-8D11-00A0C91BC942}") = "19驱动进阶0环", "19驱动进阶\19驱动进阶.vcxproj", "{C299FBE5-EDB3-4B80-80ED-D4358632E85A}"
EndProject
Project("{8BC9CEB8-8B4A-11D0-8D11-00A0C91BC942}") = "19驱动进阶3环", "19驱动进阶3环\19驱动进阶3环.vcxproj", "{E3C8F48B-EADA-499E-A6DC-3F027AD0C565}"
EndProject
Project("{8BC9CEB8-8B4A-11D0-8D11-00A0C91BC942}") = "windows窗口程序", "windows窗口程序\windows窗口程序.vcxproj", "{F78ADD7A-AB1A-4DC3-8F53-A5FE3D67839C}"
EndProject
Project("{8BC9CEB8-8B4A-11D0-8D11-00A0C91BC942}") = "glBegin内透", "glBegin内透\glBegin内透.vcxproj", "{D22B1025-B6E0-407E-858F-5AD82B8D965A}"
EndProject
Project("{8BC9CEB8-8B4A-11D0-8D11-00A0C91BC942}") = "20定时器0环", "20定时器\20定时器.vcxproj", "{624F61A4-72C6-4505-8546-8776FE1A96B3}"
EndProject
Project("{8BC9CEB8-8B4A-11D0-8D11-00A0C91BC942}") = "20定时器3环", "20定时器3环\20定时器3环.vcxproj", "{61FE4B04-E74D-46C7-8E39-FC3BE301C428}"
EndProject
Project("{8BC9CEB8-8B4A-11D0-8D11-00A0C91BC942}") = "21内核附加读0环", "21内核附加读0环\21内核附加读0环.vcxproj", "{6E6508AC-66BE-4CB5-B14F-02F131F213AD}"
EndProject
Project("{8BC9CEB8-8B4A-11D0-8D11-00A0C91BC942}") = "21内核附加读3环", "21内核附加读3环\21内核附加读3环.vcxproj", "{1B344174-955E-47D5-915B-75FBAEEB0397}"
EndProject
Project("{8BC9CEB8-8B4A-11D0-8D11-00A0C91BC942}") = "22通知的使用", "22通知的使用\22通知的使用.vcxproj", "{EC806096-FE95-409F-8B6E-01F9F364924A}"
EndProject
Project("{8BC9CEB8-8B4A-11D0-8D11-00A0C91BC942}") = "22枚举和移除通知", "22枚举和移除通知\22枚举和移除通知.vcxproj", "{88DCAD22-8924-4177-A94C-12D79DC75F0C}"
EndProject
Project("{8BC9CEB8-8B4A-11D0-8D11-00A0C91BC942}") = "23注册表回调", "23注册表回调\23注册表回调.vcxproj", "{94318D22-C79E-4EA0-AA89-8ED0DE744168}"
EndProject
Project("{8BC9CEB8-8B4A-11D0-8D11-00A0C91BC942}") = "24对象句柄操作通知", "24句柄\24句柄.vcxproj", "{0069C731-9C69-4AD5-A794-36D8B291CE5F}"
EndProject
Project("{8BC9CEB8-8B4A-11D0-8D11-00A0C91BC942}") = "隐藏进程", "隐藏进程\隐藏进程.vcxproj", "{D52BEC6A-581C-41DD-A147-7F4604E76403}"
EndProject
Project("{8BC9CEB8-8B4A-11D0-8D11-00A0C91BC942}") = "23移除注册表回调保护", "24移除注册表回调保护\24移除注册表回调保护.vcxproj", "{47E3EE11-A656-4690-867F-AF771DFE8F4A}"
EndProject
Project("{8BC9CEB8-8B4A-11D0-8D11-00A0C91BC942}") = "25网络连接请求的过滤", "25网络连接请求的过滤\25网络连接请求的过滤.vcxproj", "{B75F605F-1FF2-485C-9FC4-D5FBCDB85A83}"
EndProject
Project("{8BC9CEB8-8B4A-11D0-8D11-00A0C91BC942}") = "26读模块基址0环", "26读模块基址\26读模块基址.vcxproj", "{CE41028C-7F2A-4D51-98D9-A67752FE9359}"
EndProject
Project("{8BC9CEB8-8B4A-11D0-8D11-00A0C91BC942}") = "26读模块基址3环", "26读模块基址3环\26读模块基址3环.vcxproj", "{58750C7F-E808-4594-9C95-52C221856B28}"
EndProject
Project("{8BC9CEB8-8B4A-11D0-8D11-00A0C91BC942}") = "27HOOK", "27HOOK\27HOOK.vcxproj", "{2CEFB797-3514-4E99-9BFC-635CDFE1578D}"
EndProject
Project("{8BC9CEB8-8B4A-11D0-8D11-00A0C91BC942}") = "X64内嵌汇编", "X64内嵌汇编\X64内嵌汇编.vcxproj", "{991C2900-7AB8-462F-A0FA-208D2C35C28C}"
EndProject
Project("{8BC9CEB8-8B4A-11D0-8D11-00A0C91BC942}") = "28调用门", "28调用门\28调用门.vcxproj", "{77D68C0C-B586-4933-A19F-D054905A66BF}"
EndProject
Project("{8BC9CEB8-8B4A-11D0-8D11-00A0C91BC942}") = "测试", "测试\测试.vcxproj", "{DBB0A52A-D166-4717-9AA3-193B3BB4094F}"
EndProject
Project("{8BC9CEB8-8B4A-11D0-8D11-00A0C91BC942}") = "29_OBJECT_HEADER的Flags保护", "29_OBJECT_HEADER的Flags保护\29_OBJECT_HEADER的Flags保护.vcxproj", "{7F104C9A-8F5F-4985-869E-2FC4F126A990}"
EndProject
Project("{8BC9CEB8-8B4A-11D0-8D11-00A0C91BC942}") = "纤程", "纤程\纤程.vcxproj", "{181554DE-5ADA-4392-A8CE-D3EA5582AC78}"
EndProject
Project("{8BC9CEB8-8B4A-11D0-8D11-00A0C91BC942}") = "模块基址读取", "模块基址读取\模块基址读取.vcxproj", "{7E08C63F-0369-4834-8AEF-D8DC5B9C9284}"
EndProject
Project("{8BC9CEB8-8B4A-11D0-8D11-00A0C91BC942}") = "事件信号处理", "事件信号处理\事件信号处理.vcxproj", "{1BA004CE-0BDC-40D6-BF58-1FEA4A863DB9}"
EndProject
Project("{8BC9CEB8-8B4A-11D0-8D11-00A0C91BC942}") = "信号量", "main\main.vcxproj", "{04E9015C-0F0A-4446-BECA-F69958ECDCB3}"
EndProject
Project("{8BC9CEB8-8B4A-11D0-8D11-00A0C91BC942}") = "互斥体", "互斥体\互斥体.vcxproj", "{CE7CC4F6-3D72-477C-A062-B265E025629F}"
EndProject
Project("{8BC9CEB8-8B4A-11D0-8D11-00A0C91BC942}") = "鼠标点击", "鼠标点击\鼠标点击.vcxproj", "{06A36474-366B-466A-AB2D-A9D0E0F5D447}"
EndProject
Project("{8BC9CEB8-8B4A-11D0-8D11-00A0C91BC942}") = "SEH", "SEH\SEH.vcxproj", "{D0DCDE26-1123-4FD8-B617-35FB975F4785}"
EndProject
Project("{8BC9CEB8-8B4A-11D0-8D11-00A0C91BC942}") = "驱动测试", "驱动测试\驱动测试.vcxproj", "{7550442B-7302-4708-B01B-CDC6F10B45CB}"
EndProject
Project("{8BC9CEB8-8B4A-11D0-8D11-00A0C91BC942}") = "得到文件全路径", "得到文件全路径\得到文件全路径.vcxproj", "{D23E1736-487B-4879-9FF2-F61F9745E7C5}"
EndProject
Project("{8BC9CEB8-8B4A-11D0-8D11-00A0C91BC942}") = "驱动自删除", "驱动自删除\驱动自删除.vcxproj", "{695F64DE-8008-49F7-869A-DEF4F00A5AE6}"
EndProject
Project("{8BC9CEB8-8B4A-11D0-8D11-00A0C91BC942}") = "蜂鸣声", "蜂鸣声\蜂鸣声.vcxproj", "{5A939142-5337-4999-ABE4-E25749F051E6}"
EndProject
Project("{8BC9CEB8-8B4A-11D0-8D11-00A0C91BC942}") = "注册鼠标点击事件", "注册鼠标点击事件\注册鼠标点击事件.vcxproj", "{4A93FAF8-EECD-44E8-B3BB-47B020D312AF}"
EndProject
Project("{8BC9CEB8-8B4A-11D0-8D11-00A0C91BC942}") = "语音测试", "语音测试\语音测试.vcxproj", "{B5B41EC3-27FB-45E6-8EEA-36462F62A0AE}"
EndProject
Project("{8BC9CEB8-8B4A-11D0-8D11-00A0C91BC942}") = "导入证书", "导入证书\导入证书.vcxproj", "{772BBF74-C62B-4463-B037-AD2E00A2D3E8}"
EndProject
Project("{8BC9CEB8-8B4A-11D0-8D11-00A0C91BC942}") = "给exe发送按键", "给exe发送按键\给exe发送按键.vcxproj", "{82845BD7-FAF7-43C2-B720-D645BBD3B99F}"
EndProject
Project("{8BC9CEB8-8B4A-11D0-8D11-00A0C91BC942}") = "VT", "VT\VT.vcxproj", "{D92FB1C3-628A-467A-90C8-116D832881BF}"
EndProject
Global
	GlobalSection(SolutionConfigurationPlatforms) = preSolution
		Debug|ARM64 = Debug|ARM64
		Debug|x64 = Debug|x64
		Debug|x86 = Debug|x86
		Release|ARM64 = Release|ARM64
		Release|x64 = Release|x64
		Release|x86 = Release|x86
	EndGlobalSection
	GlobalSection(ProjectConfigurationPlatforms) = postSolution
		{0765885D-B779-4AC6-8C38-393C78B299E3}.Debug|ARM64.ActiveCfg = Debug|ARM64
		{0765885D-B779-4AC6-8C38-393C78B299E3}.Debug|ARM64.Build.0 = Debug|ARM64
		{0765885D-B779-4AC6-8C38-393C78B299E3}.Debug|ARM64.Deploy.0 = Debug|ARM64
		{0765885D-B779-4AC6-8C38-393C78B299E3}.Debug|x64.ActiveCfg = Debug|x64
		{0765885D-B779-4AC6-8C38-393C78B299E3}.Debug|x64.Build.0 = Debug|x64
		{0765885D-B779-4AC6-8C38-393C78B299E3}.Debug|x64.Deploy.0 = Debug|x64
		{0765885D-B779-4AC6-8C38-393C78B299E3}.Debug|x86.ActiveCfg = Debug|x64
		{0765885D-B779-4AC6-8C38-393C78B299E3}.Debug|x86.Build.0 = Debug|x64
		{0765885D-B779-4AC6-8C38-393C78B299E3}.Debug|x86.Deploy.0 = Debug|x64
		{0765885D-B779-4AC6-8C38-393C78B299E3}.Release|ARM64.ActiveCfg = Release|ARM64
		{0765885D-B779-4AC6-8C38-393C78B299E3}.Release|ARM64.Build.0 = Release|ARM64
		{0765885D-B779-4AC6-8C38-393C78B299E3}.Release|ARM64.Deploy.0 = Release|ARM64
		{0765885D-B779-4AC6-8C38-393C78B299E3}.Release|x64.ActiveCfg = Release|x64
		{0765885D-B779-4AC6-8C38-393C78B299E3}.Release|x64.Build.0 = Release|x64
		{0765885D-B779-4AC6-8C38-393C78B299E3}.Release|x64.Deploy.0 = Release|x64
		{0765885D-B779-4AC6-8C38-393C78B299E3}.Release|x86.ActiveCfg = Release|x64
		{0765885D-B779-4AC6-8C38-393C78B299E3}.Release|x86.Build.0 = Release|x64
		{0765885D-B779-4AC6-8C38-393C78B299E3}.Release|x86.Deploy.0 = Release|x64
		{A8400070-430C-4AA7-8266-B545AA568D41}.Debug|ARM64.ActiveCfg = Debug|ARM64
		{A8400070-430C-4AA7-8266-B545AA568D41}.Debug|ARM64.Build.0 = Debug|ARM64
		{A8400070-430C-4AA7-8266-B545AA568D41}.Debug|ARM64.Deploy.0 = Debug|ARM64
		{A8400070-430C-4AA7-8266-B545AA568D41}.Debug|x64.ActiveCfg = Debug|x64
		{A8400070-430C-4AA7-8266-B545AA568D41}.Debug|x64.Build.0 = Debug|x64
		{A8400070-430C-4AA7-8266-B545AA568D41}.Debug|x64.Deploy.0 = Debug|x64
		{A8400070-430C-4AA7-8266-B545AA568D41}.Debug|x86.ActiveCfg = Debug|x64
		{A8400070-430C-4AA7-8266-B545AA568D41}.Debug|x86.Build.0 = Debug|x64
		{A8400070-430C-4AA7-8266-B545AA568D41}.Debug|x86.Deploy.0 = Debug|x64
		{A8400070-430C-4AA7-8266-B545AA568D41}.Release|ARM64.ActiveCfg = Release|ARM64
		{A8400070-430C-4AA7-8266-B545AA568D41}.Release|ARM64.Build.0 = Release|ARM64
		{A8400070-430C-4AA7-8266-B545AA568D41}.Release|ARM64.Deploy.0 = Release|ARM64
		{A8400070-430C-4AA7-8266-B545AA568D41}.Release|x64.ActiveCfg = Release|x64
		{A8400070-430C-4AA7-8266-B545AA568D41}.Release|x64.Build.0 = Release|x64
		{A8400070-430C-4AA7-8266-B545AA568D41}.Release|x64.Deploy.0 = Release|x64
		{A8400070-430C-4AA7-8266-B545AA568D41}.Release|x86.ActiveCfg = Release|x64
		{A8400070-430C-4AA7-8266-B545AA568D41}.Release|x86.Build.0 = Release|x64
		{A8400070-430C-4AA7-8266-B545AA568D41}.Release|x86.Deploy.0 = Release|x64
		{CCA5530D-2675-4C38-AF31-AF1C29B1A760}.Debug|ARM64.ActiveCfg = Debug|ARM64
		{CCA5530D-2675-4C38-AF31-AF1C29B1A760}.Debug|ARM64.Build.0 = Debug|ARM64
		{CCA5530D-2675-4C38-AF31-AF1C29B1A760}.Debug|ARM64.Deploy.0 = Debug|ARM64
		{CCA5530D-2675-4C38-AF31-AF1C29B1A760}.Debug|x64.ActiveCfg = Debug|x64
		{CCA5530D-2675-4C38-AF31-AF1C29B1A760}.Debug|x64.Build.0 = Debug|x64
		{CCA5530D-2675-4C38-AF31-AF1C29B1A760}.Debug|x64.Deploy.0 = Debug|x64
		{CCA5530D-2675-4C38-AF31-AF1C29B1A760}.Debug|x86.ActiveCfg = Debug|x64
		{CCA5530D-2675-4C38-AF31-AF1C29B1A760}.Debug|x86.Build.0 = Debug|x64
		{CCA5530D-2675-4C38-AF31-AF1C29B1A760}.Debug|x86.Deploy.0 = Debug|x64
		{CCA5530D-2675-4C38-AF31-AF1C29B1A760}.Release|ARM64.ActiveCfg = Release|ARM64
		{CCA5530D-2675-4C38-AF31-AF1C29B1A760}.Release|ARM64.Build.0 = Release|ARM64
		{CCA5530D-2675-4C38-AF31-AF1C29B1A760}.Release|ARM64.Deploy.0 = Release|ARM64
		{CCA5530D-2675-4C38-AF31-AF1C29B1A760}.Release|x64.ActiveCfg = Release|x64
		{CCA5530D-2675-4C38-AF31-AF1C29B1A760}.Release|x64.Build.0 = Release|x64
		{CCA5530D-2675-4C38-AF31-AF1C29B1A760}.Release|x64.Deploy.0 = Release|x64
		{CCA5530D-2675-4C38-AF31-AF1C29B1A760}.Release|x86.ActiveCfg = Release|x64
		{CCA5530D-2675-4C38-AF31-AF1C29B1A760}.Release|x86.Build.0 = Release|x64
		{CCA5530D-2675-4C38-AF31-AF1C29B1A760}.Release|x86.Deploy.0 = Release|x64
		{B884E0DD-4AFB-4F8F-A56B-FCD9E66A9296}.Debug|ARM64.ActiveCfg = Debug|ARM64
		{B884E0DD-4AFB-4F8F-A56B-FCD9E66A9296}.Debug|ARM64.Build.0 = Debug|ARM64
		{B884E0DD-4AFB-4F8F-A56B-FCD9E66A9296}.Debug|ARM64.Deploy.0 = Debug|ARM64
		{B884E0DD-4AFB-4F8F-A56B-FCD9E66A9296}.Debug|x64.ActiveCfg = Debug|x64
		{B884E0DD-4AFB-4F8F-A56B-FCD9E66A9296}.Debug|x64.Build.0 = Debug|x64
		{B884E0DD-4AFB-4F8F-A56B-FCD9E66A9296}.Debug|x64.Deploy.0 = Debug|x64
		{B884E0DD-4AFB-4F8F-A56B-FCD9E66A9296}.Debug|x86.ActiveCfg = Debug|x64
		{B884E0DD-4AFB-4F8F-A56B-FCD9E66A9296}.Debug|x86.Build.0 = Debug|x64
		{B884E0DD-4AFB-4F8F-A56B-FCD9E66A9296}.Debug|x86.Deploy.0 = Debug|x64
		{B884E0DD-4AFB-4F8F-A56B-FCD9E66A9296}.Release|ARM64.ActiveCfg = Release|ARM64
		{B884E0DD-4AFB-4F8F-A56B-FCD9E66A9296}.Release|ARM64.Build.0 = Release|ARM64
		{B884E0DD-4AFB-4F8F-A56B-FCD9E66A9296}.Release|ARM64.Deploy.0 = Release|ARM64
		{B884E0DD-4AFB-4F8F-A56B-FCD9E66A9296}.Release|x64.ActiveCfg = Release|x64
		{B884E0DD-4AFB-4F8F-A56B-FCD9E66A9296}.Release|x64.Build.0 = Release|x64
		{B884E0DD-4AFB-4F8F-A56B-FCD9E66A9296}.Release|x64.Deploy.0 = Release|x64
		{B884E0DD-4AFB-4F8F-A56B-FCD9E66A9296}.Release|x86.ActiveCfg = Release|x64
		{B884E0DD-4AFB-4F8F-A56B-FCD9E66A9296}.Release|x86.Build.0 = Release|x64
		{B884E0DD-4AFB-4F8F-A56B-FCD9E66A9296}.Release|x86.Deploy.0 = Release|x64
		{37F5AAF0-2ABA-41AC-B067-21AE3AAD9506}.Debug|ARM64.ActiveCfg = Debug|ARM64
		{37F5AAF0-2ABA-41AC-B067-21AE3AAD9506}.Debug|ARM64.Build.0 = Debug|ARM64
		{37F5AAF0-2ABA-41AC-B067-21AE3AAD9506}.Debug|ARM64.Deploy.0 = Debug|ARM64
		{37F5AAF0-2ABA-41AC-B067-21AE3AAD9506}.Debug|x64.ActiveCfg = Debug|x64
		{37F5AAF0-2ABA-41AC-B067-21AE3AAD9506}.Debug|x64.Build.0 = Debug|x64
		{37F5AAF0-2ABA-41AC-B067-21AE3AAD9506}.Debug|x64.Deploy.0 = Debug|x64
		{37F5AAF0-2ABA-41AC-B067-21AE3AAD9506}.Debug|x86.ActiveCfg = Debug|x64
		{37F5AAF0-2ABA-41AC-B067-21AE3AAD9506}.Debug|x86.Build.0 = Debug|x64
		{37F5AAF0-2ABA-41AC-B067-21AE3AAD9506}.Debug|x86.Deploy.0 = Debug|x64
		{37F5AAF0-2ABA-41AC-B067-21AE3AAD9506}.Release|ARM64.ActiveCfg = Release|ARM64
		{37F5AAF0-2ABA-41AC-B067-21AE3AAD9506}.Release|ARM64.Build.0 = Release|ARM64
		{37F5AAF0-2ABA-41AC-B067-21AE3AAD9506}.Release|ARM64.Deploy.0 = Release|ARM64
		{37F5AAF0-2ABA-41AC-B067-21AE3AAD9506}.Release|x64.ActiveCfg = Release|x64
		{37F5AAF0-2ABA-41AC-B067-21AE3AAD9506}.Release|x64.Build.0 = Release|x64
		{37F5AAF0-2ABA-41AC-B067-21AE3AAD9506}.Release|x64.Deploy.0 = Release|x64
		{37F5AAF0-2ABA-41AC-B067-21AE3AAD9506}.Release|x86.ActiveCfg = Release|x64
		{37F5AAF0-2ABA-41AC-B067-21AE3AAD9506}.Release|x86.Build.0 = Release|x64
		{37F5AAF0-2ABA-41AC-B067-21AE3AAD9506}.Release|x86.Deploy.0 = Release|x64
		{D6F5F8A8-6E15-4246-B805-C40BA52D8E3F}.Debug|ARM64.ActiveCfg = Debug|ARM64
		{D6F5F8A8-6E15-4246-B805-C40BA52D8E3F}.Debug|ARM64.Build.0 = Debug|ARM64
		{D6F5F8A8-6E15-4246-B805-C40BA52D8E3F}.Debug|ARM64.Deploy.0 = Debug|ARM64
		{D6F5F8A8-6E15-4246-B805-C40BA52D8E3F}.Debug|x64.ActiveCfg = Debug|x64
		{D6F5F8A8-6E15-4246-B805-C40BA52D8E3F}.Debug|x64.Build.0 = Debug|x64
		{D6F5F8A8-6E15-4246-B805-C40BA52D8E3F}.Debug|x64.Deploy.0 = Debug|x64
		{D6F5F8A8-6E15-4246-B805-C40BA52D8E3F}.Debug|x86.ActiveCfg = Debug|x64
		{D6F5F8A8-6E15-4246-B805-C40BA52D8E3F}.Debug|x86.Build.0 = Debug|x64
		{D6F5F8A8-6E15-4246-B805-C40BA52D8E3F}.Debug|x86.Deploy.0 = Debug|x64
		{D6F5F8A8-6E15-4246-B805-C40BA52D8E3F}.Release|ARM64.ActiveCfg = Release|ARM64
		{D6F5F8A8-6E15-4246-B805-C40BA52D8E3F}.Release|ARM64.Build.0 = Release|ARM64
		{D6F5F8A8-6E15-4246-B805-C40BA52D8E3F}.Release|ARM64.Deploy.0 = Release|ARM64
		{D6F5F8A8-6E15-4246-B805-C40BA52D8E3F}.Release|x64.ActiveCfg = Release|x64
		{D6F5F8A8-6E15-4246-B805-C40BA52D8E3F}.Release|x64.Build.0 = Release|x64
		{D6F5F8A8-6E15-4246-B805-C40BA52D8E3F}.Release|x64.Deploy.0 = Release|x64
		{D6F5F8A8-6E15-4246-B805-C40BA52D8E3F}.Release|x86.ActiveCfg = Release|x64
		{D6F5F8A8-6E15-4246-B805-C40BA52D8E3F}.Release|x86.Build.0 = Release|x64
		{D6F5F8A8-6E15-4246-B805-C40BA52D8E3F}.Release|x86.Deploy.0 = Release|x64
		{DD390407-0D3D-45E0-8622-D153134C0839}.Debug|ARM64.ActiveCfg = Debug|ARM64
		{DD390407-0D3D-45E0-8622-D153134C0839}.Debug|ARM64.Build.0 = Debug|ARM64
		{DD390407-0D3D-45E0-8622-D153134C0839}.Debug|ARM64.Deploy.0 = Debug|ARM64
		{DD390407-0D3D-45E0-8622-D153134C0839}.Debug|x64.ActiveCfg = Debug|x64
		{DD390407-0D3D-45E0-8622-D153134C0839}.Debug|x64.Build.0 = Debug|x64
		{DD390407-0D3D-45E0-8622-D153134C0839}.Debug|x64.Deploy.0 = Debug|x64
		{DD390407-0D3D-45E0-8622-D153134C0839}.Debug|x86.ActiveCfg = Debug|x64
		{DD390407-0D3D-45E0-8622-D153134C0839}.Debug|x86.Build.0 = Debug|x64
		{DD390407-0D3D-45E0-8622-D153134C0839}.Debug|x86.Deploy.0 = Debug|x64
		{DD390407-0D3D-45E0-8622-D153134C0839}.Release|ARM64.ActiveCfg = Release|ARM64
		{DD390407-0D3D-45E0-8622-D153134C0839}.Release|ARM64.Build.0 = Release|ARM64
		{DD390407-0D3D-45E0-8622-D153134C0839}.Release|ARM64.Deploy.0 = Release|ARM64
		{DD390407-0D3D-45E0-8622-D153134C0839}.Release|x64.ActiveCfg = Release|x64
		{DD390407-0D3D-45E0-8622-D153134C0839}.Release|x64.Build.0 = Release|x64
		{DD390407-0D3D-45E0-8622-D153134C0839}.Release|x64.Deploy.0 = Release|x64
		{DD390407-0D3D-45E0-8622-D153134C0839}.Release|x86.ActiveCfg = Release|x64
		{DD390407-0D3D-45E0-8622-D153134C0839}.Release|x86.Build.0 = Release|x64
		{DD390407-0D3D-45E0-8622-D153134C0839}.Release|x86.Deploy.0 = Release|x64
		{899B621A-C598-436A-88B6-780F8F6CC71B}.Debug|ARM64.ActiveCfg = Debug|ARM64
		{899B621A-C598-436A-88B6-780F8F6CC71B}.Debug|ARM64.Build.0 = Debug|ARM64
		{899B621A-C598-436A-88B6-780F8F6CC71B}.Debug|ARM64.Deploy.0 = Debug|ARM64
		{899B621A-C598-436A-88B6-780F8F6CC71B}.Debug|x64.ActiveCfg = Debug|x64
		{899B621A-C598-436A-88B6-780F8F6CC71B}.Debug|x64.Build.0 = Debug|x64
		{899B621A-C598-436A-88B6-780F8F6CC71B}.Debug|x64.Deploy.0 = Debug|x64
		{899B621A-C598-436A-88B6-780F8F6CC71B}.Debug|x86.ActiveCfg = Debug|x64
		{899B621A-C598-436A-88B6-780F8F6CC71B}.Debug|x86.Build.0 = Debug|x64
		{899B621A-C598-436A-88B6-780F8F6CC71B}.Debug|x86.Deploy.0 = Debug|x64
		{899B621A-C598-436A-88B6-780F8F6CC71B}.Release|ARM64.ActiveCfg = Release|ARM64
		{899B621A-C598-436A-88B6-780F8F6CC71B}.Release|ARM64.Build.0 = Release|ARM64
		{899B621A-C598-436A-88B6-780F8F6CC71B}.Release|ARM64.Deploy.0 = Release|ARM64
		{899B621A-C598-436A-88B6-780F8F6CC71B}.Release|x64.ActiveCfg = Release|x64
		{899B621A-C598-436A-88B6-780F8F6CC71B}.Release|x64.Build.0 = Release|x64
		{899B621A-C598-436A-88B6-780F8F6CC71B}.Release|x64.Deploy.0 = Release|x64
		{899B621A-C598-436A-88B6-780F8F6CC71B}.Release|x86.ActiveCfg = Release|x64
		{899B621A-C598-436A-88B6-780F8F6CC71B}.Release|x86.Build.0 = Release|x64
		{899B621A-C598-436A-88B6-780F8F6CC71B}.Release|x86.Deploy.0 = Release|x64
		{95075D65-2DA0-4746-8DB2-7558DBC52000}.Debug|ARM64.ActiveCfg = Debug|ARM64
		{95075D65-2DA0-4746-8DB2-7558DBC52000}.Debug|ARM64.Build.0 = Debug|ARM64
		{95075D65-2DA0-4746-8DB2-7558DBC52000}.Debug|ARM64.Deploy.0 = Debug|ARM64
		{95075D65-2DA0-4746-8DB2-7558DBC52000}.Debug|x64.ActiveCfg = Debug|x64
		{95075D65-2DA0-4746-8DB2-7558DBC52000}.Debug|x64.Build.0 = Debug|x64
		{95075D65-2DA0-4746-8DB2-7558DBC52000}.Debug|x64.Deploy.0 = Debug|x64
		{95075D65-2DA0-4746-8DB2-7558DBC52000}.Debug|x86.ActiveCfg = Debug|x64
		{95075D65-2DA0-4746-8DB2-7558DBC52000}.Debug|x86.Build.0 = Debug|x64
		{95075D65-2DA0-4746-8DB2-7558DBC52000}.Debug|x86.Deploy.0 = Debug|x64
		{95075D65-2DA0-4746-8DB2-7558DBC52000}.Release|ARM64.ActiveCfg = Release|ARM64
		{95075D65-2DA0-4746-8DB2-7558DBC52000}.Release|ARM64.Build.0 = Release|ARM64
		{95075D65-2DA0-4746-8DB2-7558DBC52000}.Release|ARM64.Deploy.0 = Release|ARM64
		{95075D65-2DA0-4746-8DB2-7558DBC52000}.Release|x64.ActiveCfg = Release|x64
		{95075D65-2DA0-4746-8DB2-7558DBC52000}.Release|x64.Build.0 = Release|x64
		{95075D65-2DA0-4746-8DB2-7558DBC52000}.Release|x64.Deploy.0 = Release|x64
		{95075D65-2DA0-4746-8DB2-7558DBC52000}.Release|x86.ActiveCfg = Release|x64
		{95075D65-2DA0-4746-8DB2-7558DBC52000}.Release|x86.Build.0 = Release|x64
		{95075D65-2DA0-4746-8DB2-7558DBC52000}.Release|x86.Deploy.0 = Release|x64
		{9A55A5D6-9A2A-4E0E-AC53-B1B9C9171876}.Debug|ARM64.ActiveCfg = Debug|ARM64
		{9A55A5D6-9A2A-4E0E-AC53-B1B9C9171876}.Debug|ARM64.Build.0 = Debug|ARM64
		{9A55A5D6-9A2A-4E0E-AC53-B1B9C9171876}.Debug|ARM64.Deploy.0 = Debug|ARM64
		{9A55A5D6-9A2A-4E0E-AC53-B1B9C9171876}.Debug|x64.ActiveCfg = Debug|x64
		{9A55A5D6-9A2A-4E0E-AC53-B1B9C9171876}.Debug|x64.Build.0 = Debug|x64
		{9A55A5D6-9A2A-4E0E-AC53-B1B9C9171876}.Debug|x64.Deploy.0 = Debug|x64
		{9A55A5D6-9A2A-4E0E-AC53-B1B9C9171876}.Debug|x86.ActiveCfg = Debug|x64
		{9A55A5D6-9A2A-4E0E-AC53-B1B9C9171876}.Debug|x86.Build.0 = Debug|x64
		{9A55A5D6-9A2A-4E0E-AC53-B1B9C9171876}.Debug|x86.Deploy.0 = Debug|x64
		{9A55A5D6-9A2A-4E0E-AC53-B1B9C9171876}.Release|ARM64.ActiveCfg = Release|ARM64
		{9A55A5D6-9A2A-4E0E-AC53-B1B9C9171876}.Release|ARM64.Build.0 = Release|ARM64
		{9A55A5D6-9A2A-4E0E-AC53-B1B9C9171876}.Release|ARM64.Deploy.0 = Release|ARM64
		{9A55A5D6-9A2A-4E0E-AC53-B1B9C9171876}.Release|x64.ActiveCfg = Release|x64
		{9A55A5D6-9A2A-4E0E-AC53-B1B9C9171876}.Release|x64.Build.0 = Release|x64
		{9A55A5D6-9A2A-4E0E-AC53-B1B9C9171876}.Release|x64.Deploy.0 = Release|x64
		{9A55A5D6-9A2A-4E0E-AC53-B1B9C9171876}.Release|x86.ActiveCfg = Release|x64
		{9A55A5D6-9A2A-4E0E-AC53-B1B9C9171876}.Release|x86.Build.0 = Release|x64
		{9A55A5D6-9A2A-4E0E-AC53-B1B9C9171876}.Release|x86.Deploy.0 = Release|x64
		{6C5D6837-1CA4-4973-BD20-B520FD043046}.Debug|ARM64.ActiveCfg = Debug|x64
		{6C5D6837-1CA4-4973-BD20-B520FD043046}.Debug|ARM64.Build.0 = Debug|x64
		{6C5D6837-1CA4-4973-BD20-B520FD043046}.Debug|x64.ActiveCfg = Debug|x64
		{6C5D6837-1CA4-4973-BD20-B520FD043046}.Debug|x64.Build.0 = Debug|x64
		{6C5D6837-1CA4-4973-BD20-B520FD043046}.Debug|x86.ActiveCfg = Debug|Win32
		{6C5D6837-1CA4-4973-BD20-B520FD043046}.Debug|x86.Build.0 = Debug|Win32
		{6C5D6837-1CA4-4973-BD20-B520FD043046}.Release|ARM64.ActiveCfg = Release|x64
		{6C5D6837-1CA4-4973-BD20-B520FD043046}.Release|ARM64.Build.0 = Release|x64
		{6C5D6837-1CA4-4973-BD20-B520FD043046}.Release|x64.ActiveCfg = Release|x64
		{6C5D6837-1CA4-4973-BD20-B520FD043046}.Release|x64.Build.0 = Release|x64
		{6C5D6837-1CA4-4973-BD20-B520FD043046}.Release|x86.ActiveCfg = Release|Win32
		{6C5D6837-1CA4-4973-BD20-B520FD043046}.Release|x86.Build.0 = Release|Win32
		{C1DDC2A7-4272-492A-9653-6AD354021E88}.Debug|ARM64.ActiveCfg = Debug|ARM64
		{C1DDC2A7-4272-492A-9653-6AD354021E88}.Debug|ARM64.Build.0 = Debug|ARM64
		{C1DDC2A7-4272-492A-9653-6AD354021E88}.Debug|ARM64.Deploy.0 = Debug|ARM64
		{C1DDC2A7-4272-492A-9653-6AD354021E88}.Debug|x64.ActiveCfg = Debug|x64
		{C1DDC2A7-4272-492A-9653-6AD354021E88}.Debug|x64.Build.0 = Debug|x64
		{C1DDC2A7-4272-492A-9653-6AD354021E88}.Debug|x64.Deploy.0 = Debug|x64
		{C1DDC2A7-4272-492A-9653-6AD354021E88}.Debug|x86.ActiveCfg = Debug|x64
		{C1DDC2A7-4272-492A-9653-6AD354021E88}.Debug|x86.Build.0 = Debug|x64
		{C1DDC2A7-4272-492A-9653-6AD354021E88}.Debug|x86.Deploy.0 = Debug|x64
		{C1DDC2A7-4272-492A-9653-6AD354021E88}.Release|ARM64.ActiveCfg = Release|ARM64
		{C1DDC2A7-4272-492A-9653-6AD354021E88}.Release|ARM64.Build.0 = Release|ARM64
		{C1DDC2A7-4272-492A-9653-6AD354021E88}.Release|ARM64.Deploy.0 = Release|ARM64
		{C1DDC2A7-4272-492A-9653-6AD354021E88}.Release|x64.ActiveCfg = Release|x64
		{C1DDC2A7-4272-492A-9653-6AD354021E88}.Release|x64.Build.0 = Release|x64
		{C1DDC2A7-4272-492A-9653-6AD354021E88}.Release|x64.Deploy.0 = Release|x64
		{C1DDC2A7-4272-492A-9653-6AD354021E88}.Release|x86.ActiveCfg = Release|x64
		{C1DDC2A7-4272-492A-9653-6AD354021E88}.Release|x86.Build.0 = Release|x64
		{C1DDC2A7-4272-492A-9653-6AD354021E88}.Release|x86.Deploy.0 = Release|x64
		{1DE25683-EDAD-4312-A6B3-55D1A0A8394F}.Debug|ARM64.ActiveCfg = Debug|x64
		{1DE25683-EDAD-4312-A6B3-55D1A0A8394F}.Debug|ARM64.Build.0 = Debug|x64
		{1DE25683-EDAD-4312-A6B3-55D1A0A8394F}.Debug|x64.ActiveCfg = Debug|x64
		{1DE25683-EDAD-4312-A6B3-55D1A0A8394F}.Debug|x64.Build.0 = Debug|x64
		{1DE25683-EDAD-4312-A6B3-55D1A0A8394F}.Debug|x86.ActiveCfg = Debug|Win32
		{1DE25683-EDAD-4312-A6B3-55D1A0A8394F}.Debug|x86.Build.0 = Debug|Win32
		{1DE25683-EDAD-4312-A6B3-55D1A0A8394F}.Release|ARM64.ActiveCfg = Release|x64
		{1DE25683-EDAD-4312-A6B3-55D1A0A8394F}.Release|ARM64.Build.0 = Release|x64
		{1DE25683-EDAD-4312-A6B3-55D1A0A8394F}.Release|x64.ActiveCfg = Release|x64
		{1DE25683-EDAD-4312-A6B3-55D1A0A8394F}.Release|x64.Build.0 = Release|x64
		{1DE25683-EDAD-4312-A6B3-55D1A0A8394F}.Release|x86.ActiveCfg = Release|Win32
		{1DE25683-EDAD-4312-A6B3-55D1A0A8394F}.Release|x86.Build.0 = Release|Win32
		{EE6F7F40-708A-45EC-AB91-52D6D09F4C09}.Debug|ARM64.ActiveCfg = Debug|ARM64
		{EE6F7F40-708A-45EC-AB91-52D6D09F4C09}.Debug|ARM64.Build.0 = Debug|ARM64
		{EE6F7F40-708A-45EC-AB91-52D6D09F4C09}.Debug|ARM64.Deploy.0 = Debug|ARM64
		{EE6F7F40-708A-45EC-AB91-52D6D09F4C09}.Debug|x64.ActiveCfg = Debug|x64
		{EE6F7F40-708A-45EC-AB91-52D6D09F4C09}.Debug|x64.Build.0 = Debug|x64
		{EE6F7F40-708A-45EC-AB91-52D6D09F4C09}.Debug|x64.Deploy.0 = Debug|x64
		{EE6F7F40-708A-45EC-AB91-52D6D09F4C09}.Debug|x86.ActiveCfg = Debug|x64
		{EE6F7F40-708A-45EC-AB91-52D6D09F4C09}.Debug|x86.Build.0 = Debug|x64
		{EE6F7F40-708A-45EC-AB91-52D6D09F4C09}.Debug|x86.Deploy.0 = Debug|x64
		{EE6F7F40-708A-45EC-AB91-52D6D09F4C09}.Release|ARM64.ActiveCfg = Release|ARM64
		{EE6F7F40-708A-45EC-AB91-52D6D09F4C09}.Release|ARM64.Build.0 = Release|ARM64
		{EE6F7F40-708A-45EC-AB91-52D6D09F4C09}.Release|ARM64.Deploy.0 = Release|ARM64
		{EE6F7F40-708A-45EC-AB91-52D6D09F4C09}.Release|x64.ActiveCfg = Release|x64
		{EE6F7F40-708A-45EC-AB91-52D6D09F4C09}.Release|x64.Build.0 = Release|x64
		{EE6F7F40-708A-45EC-AB91-52D6D09F4C09}.Release|x64.Deploy.0 = Release|x64
		{EE6F7F40-708A-45EC-AB91-52D6D09F4C09}.Release|x86.ActiveCfg = Release|x64
		{EE6F7F40-708A-45EC-AB91-52D6D09F4C09}.Release|x86.Build.0 = Release|x64
		{EE6F7F40-708A-45EC-AB91-52D6D09F4C09}.Release|x86.Deploy.0 = Release|x64
		{63A8A6DE-19DC-4D47-B43A-390B45E069EE}.Debug|ARM64.ActiveCfg = Debug|ARM64
		{63A8A6DE-19DC-4D47-B43A-390B45E069EE}.Debug|ARM64.Build.0 = Debug|ARM64
		{63A8A6DE-19DC-4D47-B43A-390B45E069EE}.Debug|ARM64.Deploy.0 = Debug|ARM64
		{63A8A6DE-19DC-4D47-B43A-390B45E069EE}.Debug|x64.ActiveCfg = Debug|x64
		{63A8A6DE-19DC-4D47-B43A-390B45E069EE}.Debug|x64.Build.0 = Debug|x64
		{63A8A6DE-19DC-4D47-B43A-390B45E069EE}.Debug|x64.Deploy.0 = Debug|x64
		{63A8A6DE-19DC-4D47-B43A-390B45E069EE}.Debug|x86.ActiveCfg = Debug|x64
		{63A8A6DE-19DC-4D47-B43A-390B45E069EE}.Debug|x86.Build.0 = Debug|x64
		{63A8A6DE-19DC-4D47-B43A-390B45E069EE}.Debug|x86.Deploy.0 = Debug|x64
		{63A8A6DE-19DC-4D47-B43A-390B45E069EE}.Release|ARM64.ActiveCfg = Release|ARM64
		{63A8A6DE-19DC-4D47-B43A-390B45E069EE}.Release|ARM64.Build.0 = Release|ARM64
		{63A8A6DE-19DC-4D47-B43A-390B45E069EE}.Release|ARM64.Deploy.0 = Release|ARM64
		{63A8A6DE-19DC-4D47-B43A-390B45E069EE}.Release|x64.ActiveCfg = Release|x64
		{63A8A6DE-19DC-4D47-B43A-390B45E069EE}.Release|x64.Build.0 = Release|x64
		{63A8A6DE-19DC-4D47-B43A-390B45E069EE}.Release|x64.Deploy.0 = Release|x64
		{63A8A6DE-19DC-4D47-B43A-390B45E069EE}.Release|x86.ActiveCfg = Release|x64
		{63A8A6DE-19DC-4D47-B43A-390B45E069EE}.Release|x86.Build.0 = Release|x64
		{63A8A6DE-19DC-4D47-B43A-390B45E069EE}.Release|x86.Deploy.0 = Release|x64
		{0601AF1C-24A8-4717-8512-F0435BF3232F}.Debug|ARM64.ActiveCfg = Debug|ARM64
		{0601AF1C-24A8-4717-8512-F0435BF3232F}.Debug|ARM64.Build.0 = Debug|ARM64
		{0601AF1C-24A8-4717-8512-F0435BF3232F}.Debug|ARM64.Deploy.0 = Debug|ARM64
		{0601AF1C-24A8-4717-8512-F0435BF3232F}.Debug|x64.ActiveCfg = Debug|x64
		{0601AF1C-24A8-4717-8512-F0435BF3232F}.Debug|x64.Build.0 = Debug|x64
		{0601AF1C-24A8-4717-8512-F0435BF3232F}.Debug|x64.Deploy.0 = Debug|x64
		{0601AF1C-24A8-4717-8512-F0435BF3232F}.Debug|x86.ActiveCfg = Debug|x64
		{0601AF1C-24A8-4717-8512-F0435BF3232F}.Debug|x86.Build.0 = Debug|x64
		{0601AF1C-24A8-4717-8512-F0435BF3232F}.Debug|x86.Deploy.0 = Debug|x64
		{0601AF1C-24A8-4717-8512-F0435BF3232F}.Release|ARM64.ActiveCfg = Release|ARM64
		{0601AF1C-24A8-4717-8512-F0435BF3232F}.Release|ARM64.Build.0 = Release|ARM64
		{0601AF1C-24A8-4717-8512-F0435BF3232F}.Release|ARM64.Deploy.0 = Release|ARM64
		{0601AF1C-24A8-4717-8512-F0435BF3232F}.Release|x64.ActiveCfg = Release|x64
		{0601AF1C-24A8-4717-8512-F0435BF3232F}.Release|x64.Build.0 = Release|x64
		{0601AF1C-24A8-4717-8512-F0435BF3232F}.Release|x64.Deploy.0 = Release|x64
		{0601AF1C-24A8-4717-8512-F0435BF3232F}.Release|x86.ActiveCfg = Release|x64
		{0601AF1C-24A8-4717-8512-F0435BF3232F}.Release|x86.Build.0 = Release|x64
		{0601AF1C-24A8-4717-8512-F0435BF3232F}.Release|x86.Deploy.0 = Release|x64
		{5B5F340B-975E-467E-A4E7-C3320A93A821}.Debug|ARM64.ActiveCfg = Debug|ARM64
		{5B5F340B-975E-467E-A4E7-C3320A93A821}.Debug|ARM64.Build.0 = Debug|ARM64
		{5B5F340B-975E-467E-A4E7-C3320A93A821}.Debug|ARM64.Deploy.0 = Debug|ARM64
		{5B5F340B-975E-467E-A4E7-C3320A93A821}.Debug|x64.ActiveCfg = Debug|x64
		{5B5F340B-975E-467E-A4E7-C3320A93A821}.Debug|x64.Build.0 = Debug|x64
		{5B5F340B-975E-467E-A4E7-C3320A93A821}.Debug|x64.Deploy.0 = Debug|x64
		{5B5F340B-975E-467E-A4E7-C3320A93A821}.Debug|x86.ActiveCfg = Debug|x64
		{5B5F340B-975E-467E-A4E7-C3320A93A821}.Debug|x86.Build.0 = Debug|x64
		{5B5F340B-975E-467E-A4E7-C3320A93A821}.Debug|x86.Deploy.0 = Debug|x64
		{5B5F340B-975E-467E-A4E7-C3320A93A821}.Release|ARM64.ActiveCfg = Release|ARM64
		{5B5F340B-975E-467E-A4E7-C3320A93A821}.Release|ARM64.Build.0 = Release|ARM64
		{5B5F340B-975E-467E-A4E7-C3320A93A821}.Release|ARM64.Deploy.0 = Release|ARM64
		{5B5F340B-975E-467E-A4E7-C3320A93A821}.Release|x64.ActiveCfg = Release|x64
		{5B5F340B-975E-467E-A4E7-C3320A93A821}.Release|x64.Build.0 = Release|x64
		{5B5F340B-975E-467E-A4E7-C3320A93A821}.Release|x64.Deploy.0 = Release|x64
		{5B5F340B-975E-467E-A4E7-C3320A93A821}.Release|x86.ActiveCfg = Release|x64
		{5B5F340B-975E-467E-A4E7-C3320A93A821}.Release|x86.Build.0 = Release|x64
		{5B5F340B-975E-467E-A4E7-C3320A93A821}.Release|x86.Deploy.0 = Release|x64
		{A612E408-B0A5-4477-B332-65E30CF6ECE2}.Debug|ARM64.ActiveCfg = Debug|x64
		{A612E408-B0A5-4477-B332-65E30CF6ECE2}.Debug|ARM64.Build.0 = Debug|x64
		{A612E408-B0A5-4477-B332-65E30CF6ECE2}.Debug|x64.ActiveCfg = Debug|x64
		{A612E408-B0A5-4477-B332-65E30CF6ECE2}.Debug|x64.Build.0 = Debug|x64
		{A612E408-B0A5-4477-B332-65E30CF6ECE2}.Debug|x86.ActiveCfg = Debug|Win32
		{A612E408-B0A5-4477-B332-65E30CF6ECE2}.Debug|x86.Build.0 = Debug|Win32
		{A612E408-B0A5-4477-B332-65E30CF6ECE2}.Release|ARM64.ActiveCfg = Release|x64
		{A612E408-B0A5-4477-B332-65E30CF6ECE2}.Release|ARM64.Build.0 = Release|x64
		{A612E408-B0A5-4477-B332-65E30CF6ECE2}.Release|x64.ActiveCfg = Release|x64
		{A612E408-B0A5-4477-B332-65E30CF6ECE2}.Release|x64.Build.0 = Release|x64
		{A612E408-B0A5-4477-B332-65E30CF6ECE2}.Release|x86.ActiveCfg = Release|Win32
		{A612E408-B0A5-4477-B332-65E30CF6ECE2}.Release|x86.Build.0 = Release|Win32
		{84B0D7E0-B8F1-44E6-9ECB-8974C8376AAE}.Debug|ARM64.ActiveCfg = Debug|ARM64
		{84B0D7E0-B8F1-44E6-9ECB-8974C8376AAE}.Debug|ARM64.Build.0 = Debug|ARM64
		{84B0D7E0-B8F1-44E6-9ECB-8974C8376AAE}.Debug|ARM64.Deploy.0 = Debug|ARM64
		{84B0D7E0-B8F1-44E6-9ECB-8974C8376AAE}.Debug|x64.ActiveCfg = Debug|x64
		{84B0D7E0-B8F1-44E6-9ECB-8974C8376AAE}.Debug|x64.Build.0 = Debug|x64
		{84B0D7E0-B8F1-44E6-9ECB-8974C8376AAE}.Debug|x64.Deploy.0 = Debug|x64
		{84B0D7E0-B8F1-44E6-9ECB-8974C8376AAE}.Debug|x86.ActiveCfg = Debug|x64
		{84B0D7E0-B8F1-44E6-9ECB-8974C8376AAE}.Debug|x86.Build.0 = Debug|x64
		{84B0D7E0-B8F1-44E6-9ECB-8974C8376AAE}.Debug|x86.Deploy.0 = Debug|x64
		{84B0D7E0-B8F1-44E6-9ECB-8974C8376AAE}.Release|ARM64.ActiveCfg = Release|ARM64
		{84B0D7E0-B8F1-44E6-9ECB-8974C8376AAE}.Release|ARM64.Build.0 = Release|ARM64
		{84B0D7E0-B8F1-44E6-9ECB-8974C8376AAE}.Release|ARM64.Deploy.0 = Release|ARM64
		{84B0D7E0-B8F1-44E6-9ECB-8974C8376AAE}.Release|x64.ActiveCfg = Release|x64
		{84B0D7E0-B8F1-44E6-9ECB-8974C8376AAE}.Release|x64.Build.0 = Release|x64
		{84B0D7E0-B8F1-44E6-9ECB-8974C8376AAE}.Release|x64.Deploy.0 = Release|x64
		{84B0D7E0-B8F1-44E6-9ECB-8974C8376AAE}.Release|x86.ActiveCfg = Release|x64
		{84B0D7E0-B8F1-44E6-9ECB-8974C8376AAE}.Release|x86.Build.0 = Release|x64
		{84B0D7E0-B8F1-44E6-9ECB-8974C8376AAE}.Release|x86.Deploy.0 = Release|x64
		{5D6F4A7A-74FF-4272-8D65-EE2E400F62FF}.Debug|ARM64.ActiveCfg = Debug|x64
		{5D6F4A7A-74FF-4272-8D65-EE2E400F62FF}.Debug|ARM64.Build.0 = Debug|x64
		{5D6F4A7A-74FF-4272-8D65-EE2E400F62FF}.Debug|x64.ActiveCfg = Debug|x64
		{5D6F4A7A-74FF-4272-8D65-EE2E400F62FF}.Debug|x64.Build.0 = Debug|x64
		{5D6F4A7A-74FF-4272-8D65-EE2E400F62FF}.Debug|x86.ActiveCfg = Debug|Win32
		{5D6F4A7A-74FF-4272-8D65-EE2E400F62FF}.Debug|x86.Build.0 = Debug|Win32
		{5D6F4A7A-74FF-4272-8D65-EE2E400F62FF}.Release|ARM64.ActiveCfg = Release|x64
		{5D6F4A7A-74FF-4272-8D65-EE2E400F62FF}.Release|ARM64.Build.0 = Release|x64
		{5D6F4A7A-74FF-4272-8D65-EE2E400F62FF}.Release|x64.ActiveCfg = Release|x64
		{5D6F4A7A-74FF-4272-8D65-EE2E400F62FF}.Release|x64.Build.0 = Release|x64
		{5D6F4A7A-74FF-4272-8D65-EE2E400F62FF}.Release|x86.ActiveCfg = Release|Win32
		{5D6F4A7A-74FF-4272-8D65-EE2E400F62FF}.Release|x86.Build.0 = Release|Win32
		{C66D9DED-B218-4856-AE1D-6D7810611E61}.Debug|ARM64.ActiveCfg = Debug|ARM64
		{C66D9DED-B218-4856-AE1D-6D7810611E61}.Debug|ARM64.Build.0 = Debug|ARM64
		{C66D9DED-B218-4856-AE1D-6D7810611E61}.Debug|ARM64.Deploy.0 = Debug|ARM64
		{C66D9DED-B218-4856-AE1D-6D7810611E61}.Debug|x64.ActiveCfg = Debug|x64
		{C66D9DED-B218-4856-AE1D-6D7810611E61}.Debug|x64.Build.0 = Debug|x64
		{C66D9DED-B218-4856-AE1D-6D7810611E61}.Debug|x64.Deploy.0 = Debug|x64
		{C66D9DED-B218-4856-AE1D-6D7810611E61}.Debug|x86.ActiveCfg = Debug|x64
		{C66D9DED-B218-4856-AE1D-6D7810611E61}.Debug|x86.Build.0 = Debug|x64
		{C66D9DED-B218-4856-AE1D-6D7810611E61}.Debug|x86.Deploy.0 = Debug|x64
		{C66D9DED-B218-4856-AE1D-6D7810611E61}.Release|ARM64.ActiveCfg = Release|ARM64
		{C66D9DED-B218-4856-AE1D-6D7810611E61}.Release|ARM64.Build.0 = Release|ARM64
		{C66D9DED-B218-4856-AE1D-6D7810611E61}.Release|ARM64.Deploy.0 = Release|ARM64
		{C66D9DED-B218-4856-AE1D-6D7810611E61}.Release|x64.ActiveCfg = Release|x64
		{C66D9DED-B218-4856-AE1D-6D7810611E61}.Release|x64.Build.0 = Release|x64
		{C66D9DED-B218-4856-AE1D-6D7810611E61}.Release|x64.Deploy.0 = Release|x64
		{C66D9DED-B218-4856-AE1D-6D7810611E61}.Release|x86.ActiveCfg = Release|x64
		{C66D9DED-B218-4856-AE1D-6D7810611E61}.Release|x86.Build.0 = Release|x64
		{C66D9DED-B218-4856-AE1D-6D7810611E61}.Release|x86.Deploy.0 = Release|x64
		{5CE80D01-9FE2-47EF-8C98-5DDB189C402D}.Debug|ARM64.ActiveCfg = Debug|x64
		{5CE80D01-9FE2-47EF-8C98-5DDB189C402D}.Debug|ARM64.Build.0 = Debug|x64
		{5CE80D01-9FE2-47EF-8C98-5DDB189C402D}.Debug|x64.ActiveCfg = Debug|x64
		{5CE80D01-9FE2-47EF-8C98-5DDB189C402D}.Debug|x64.Build.0 = Debug|x64
		{5CE80D01-9FE2-47EF-8C98-5DDB189C402D}.Debug|x86.ActiveCfg = Debug|Win32
		{5CE80D01-9FE2-47EF-8C98-5DDB189C402D}.Debug|x86.Build.0 = Debug|Win32
		{5CE80D01-9FE2-47EF-8C98-5DDB189C402D}.Release|ARM64.ActiveCfg = Release|x64
		{5CE80D01-9FE2-47EF-8C98-5DDB189C402D}.Release|ARM64.Build.0 = Release|x64
		{5CE80D01-9FE2-47EF-8C98-5DDB189C402D}.Release|x64.ActiveCfg = Release|x64
		{5CE80D01-9FE2-47EF-8C98-5DDB189C402D}.Release|x64.Build.0 = Release|x64
		{5CE80D01-9FE2-47EF-8C98-5DDB189C402D}.Release|x86.ActiveCfg = Release|Win32
		{5CE80D01-9FE2-47EF-8C98-5DDB189C402D}.Release|x86.Build.0 = Release|Win32
		{1BA52A7A-7957-46A0-96FC-CDDECBA56910}.Debug|ARM64.ActiveCfg = Debug|ARM64
		{1BA52A7A-7957-46A0-96FC-CDDECBA56910}.Debug|ARM64.Build.0 = Debug|ARM64
		{1BA52A7A-7957-46A0-96FC-CDDECBA56910}.Debug|ARM64.Deploy.0 = Debug|ARM64
		{1BA52A7A-7957-46A0-96FC-CDDECBA56910}.Debug|x64.ActiveCfg = Debug|x64
		{1BA52A7A-7957-46A0-96FC-CDDECBA56910}.Debug|x64.Build.0 = Debug|x64
		{1BA52A7A-7957-46A0-96FC-CDDECBA56910}.Debug|x64.Deploy.0 = Debug|x64
		{1BA52A7A-7957-46A0-96FC-CDDECBA56910}.Debug|x86.ActiveCfg = Debug|x64
		{1BA52A7A-7957-46A0-96FC-CDDECBA56910}.Debug|x86.Build.0 = Debug|x64
		{1BA52A7A-7957-46A0-96FC-CDDECBA56910}.Debug|x86.Deploy.0 = Debug|x64
		{1BA52A7A-7957-46A0-96FC-CDDECBA56910}.Release|ARM64.ActiveCfg = Release|ARM64
		{1BA52A7A-7957-46A0-96FC-CDDECBA56910}.Release|ARM64.Build.0 = Release|ARM64
		{1BA52A7A-7957-46A0-96FC-CDDECBA56910}.Release|ARM64.Deploy.0 = Release|ARM64
		{1BA52A7A-7957-46A0-96FC-CDDECBA56910}.Release|x64.ActiveCfg = Release|x64
		{1BA52A7A-7957-46A0-96FC-CDDECBA56910}.Release|x64.Build.0 = Release|x64
		{1BA52A7A-7957-46A0-96FC-CDDECBA56910}.Release|x64.Deploy.0 = Release|x64
		{1BA52A7A-7957-46A0-96FC-CDDECBA56910}.Release|x86.ActiveCfg = Release|x64
		{1BA52A7A-7957-46A0-96FC-CDDECBA56910}.Release|x86.Build.0 = Release|x64
		{1BA52A7A-7957-46A0-96FC-CDDECBA56910}.Release|x86.Deploy.0 = Release|x64
		{C299FBE5-EDB3-4B80-80ED-D4358632E85A}.Debug|ARM64.ActiveCfg = Debug|ARM64
		{C299FBE5-EDB3-4B80-80ED-D4358632E85A}.Debug|ARM64.Build.0 = Debug|ARM64
		{C299FBE5-EDB3-4B80-80ED-D4358632E85A}.Debug|ARM64.Deploy.0 = Debug|ARM64
		{C299FBE5-EDB3-4B80-80ED-D4358632E85A}.Debug|x64.ActiveCfg = Debug|x64
		{C299FBE5-EDB3-4B80-80ED-D4358632E85A}.Debug|x64.Build.0 = Debug|x64
		{C299FBE5-EDB3-4B80-80ED-D4358632E85A}.Debug|x64.Deploy.0 = Debug|x64
		{C299FBE5-EDB3-4B80-80ED-D4358632E85A}.Debug|x86.ActiveCfg = Debug|x64
		{C299FBE5-EDB3-4B80-80ED-D4358632E85A}.Debug|x86.Build.0 = Debug|x64
		{C299FBE5-EDB3-4B80-80ED-D4358632E85A}.Debug|x86.Deploy.0 = Debug|x64
		{C299FBE5-EDB3-4B80-80ED-D4358632E85A}.Release|ARM64.ActiveCfg = Release|ARM64
		{C299FBE5-EDB3-4B80-80ED-D4358632E85A}.Release|ARM64.Build.0 = Release|ARM64
		{C299FBE5-EDB3-4B80-80ED-D4358632E85A}.Release|ARM64.Deploy.0 = Release|ARM64
		{C299FBE5-EDB3-4B80-80ED-D4358632E85A}.Release|x64.ActiveCfg = Release|x64
		{C299FBE5-EDB3-4B80-80ED-D4358632E85A}.Release|x64.Build.0 = Release|x64
		{C299FBE5-EDB3-4B80-80ED-D4358632E85A}.Release|x64.Deploy.0 = Release|x64
		{C299FBE5-EDB3-4B80-80ED-D4358632E85A}.Release|x86.ActiveCfg = Release|x64
		{C299FBE5-EDB3-4B80-80ED-D4358632E85A}.Release|x86.Build.0 = Release|x64
		{C299FBE5-EDB3-4B80-80ED-D4358632E85A}.Release|x86.Deploy.0 = Release|x64
		{E3C8F48B-EADA-499E-A6DC-3F027AD0C565}.Debug|ARM64.ActiveCfg = Debug|x64
		{E3C8F48B-EADA-499E-A6DC-3F027AD0C565}.Debug|ARM64.Build.0 = Debug|x64
		{E3C8F48B-EADA-499E-A6DC-3F027AD0C565}.Debug|x64.ActiveCfg = Debug|x64
		{E3C8F48B-EADA-499E-A6DC-3F027AD0C565}.Debug|x64.Build.0 = Debug|x64
		{E3C8F48B-EADA-499E-A6DC-3F027AD0C565}.Debug|x86.ActiveCfg = Debug|Win32
		{E3C8F48B-EADA-499E-A6DC-3F027AD0C565}.Debug|x86.Build.0 = Debug|Win32
		{E3C8F48B-EADA-499E-A6DC-3F027AD0C565}.Release|ARM64.ActiveCfg = Release|x64
		{E3C8F48B-EADA-499E-A6DC-3F027AD0C565}.Release|ARM64.Build.0 = Release|x64
		{E3C8F48B-EADA-499E-A6DC-3F027AD0C565}.Release|x64.ActiveCfg = Release|x64
		{E3C8F48B-EADA-499E-A6DC-3F027AD0C565}.Release|x64.Build.0 = Release|x64
		{E3C8F48B-EADA-499E-A6DC-3F027AD0C565}.Release|x86.ActiveCfg = Release|Win32
		{E3C8F48B-EADA-499E-A6DC-3F027AD0C565}.Release|x86.Build.0 = Release|Win32
		{F78ADD7A-AB1A-4DC3-8F53-A5FE3D67839C}.Debug|ARM64.ActiveCfg = Debug|x64
		{F78ADD7A-AB1A-4DC3-8F53-A5FE3D67839C}.Debug|ARM64.Build.0 = Debug|x64
		{F78ADD7A-AB1A-4DC3-8F53-A5FE3D67839C}.Debug|x64.ActiveCfg = Debug|x64
		{F78ADD7A-AB1A-4DC3-8F53-A5FE3D67839C}.Debug|x64.Build.0 = Debug|x64
		{F78ADD7A-AB1A-4DC3-8F53-A5FE3D67839C}.Debug|x86.ActiveCfg = Debug|Win32
		{F78ADD7A-AB1A-4DC3-8F53-A5FE3D67839C}.Debug|x86.Build.0 = Debug|Win32
		{F78ADD7A-AB1A-4DC3-8F53-A5FE3D67839C}.Release|ARM64.ActiveCfg = Release|x64
		{F78ADD7A-AB1A-4DC3-8F53-A5FE3D67839C}.Release|ARM64.Build.0 = Release|x64
		{F78ADD7A-AB1A-4DC3-8F53-A5FE3D67839C}.Release|x64.ActiveCfg = Release|x64
		{F78ADD7A-AB1A-4DC3-8F53-A5FE3D67839C}.Release|x64.Build.0 = Release|x64
		{F78ADD7A-AB1A-4DC3-8F53-A5FE3D67839C}.Release|x86.ActiveCfg = Release|Win32
		{F78ADD7A-AB1A-4DC3-8F53-A5FE3D67839C}.Release|x86.Build.0 = Release|Win32
		{D22B1025-B6E0-407E-858F-5AD82B8D965A}.Debug|ARM64.ActiveCfg = Debug|x64
		{D22B1025-B6E0-407E-858F-5AD82B8D965A}.Debug|ARM64.Build.0 = Debug|x64
		{D22B1025-B6E0-407E-858F-5AD82B8D965A}.Debug|x64.ActiveCfg = Debug|x64
		{D22B1025-B6E0-407E-858F-5AD82B8D965A}.Debug|x64.Build.0 = Debug|x64
		{D22B1025-B6E0-407E-858F-5AD82B8D965A}.Debug|x86.ActiveCfg = Debug|Win32
		{D22B1025-B6E0-407E-858F-5AD82B8D965A}.Debug|x86.Build.0 = Debug|Win32
		{D22B1025-B6E0-407E-858F-5AD82B8D965A}.Release|ARM64.ActiveCfg = Release|x64
		{D22B1025-B6E0-407E-858F-5AD82B8D965A}.Release|ARM64.Build.0 = Release|x64
		{D22B1025-B6E0-407E-858F-5AD82B8D965A}.Release|x64.ActiveCfg = Release|x64
		{D22B1025-B6E0-407E-858F-5AD82B8D965A}.Release|x64.Build.0 = Release|x64
		{D22B1025-B6E0-407E-858F-5AD82B8D965A}.Release|x86.ActiveCfg = Release|Win32
		{D22B1025-B6E0-407E-858F-5AD82B8D965A}.Release|x86.Build.0 = Release|Win32
		{624F61A4-72C6-4505-8546-8776FE1A96B3}.Debug|ARM64.ActiveCfg = Debug|ARM64
		{624F61A4-72C6-4505-8546-8776FE1A96B3}.Debug|ARM64.Build.0 = Debug|ARM64
		{624F61A4-72C6-4505-8546-8776FE1A96B3}.Debug|ARM64.Deploy.0 = Debug|ARM64
		{624F61A4-72C6-4505-8546-8776FE1A96B3}.Debug|x64.ActiveCfg = Debug|x64
		{624F61A4-72C6-4505-8546-8776FE1A96B3}.Debug|x64.Build.0 = Debug|x64
		{624F61A4-72C6-4505-8546-8776FE1A96B3}.Debug|x64.Deploy.0 = Debug|x64
		{624F61A4-72C6-4505-8546-8776FE1A96B3}.Debug|x86.ActiveCfg = Debug|x64
		{624F61A4-72C6-4505-8546-8776FE1A96B3}.Debug|x86.Build.0 = Debug|x64
		{624F61A4-72C6-4505-8546-8776FE1A96B3}.Debug|x86.Deploy.0 = Debug|x64
		{624F61A4-72C6-4505-8546-8776FE1A96B3}.Release|ARM64.ActiveCfg = Release|ARM64
		{624F61A4-72C6-4505-8546-8776FE1A96B3}.Release|ARM64.Build.0 = Release|ARM64
		{624F61A4-72C6-4505-8546-8776FE1A96B3}.Release|ARM64.Deploy.0 = Release|ARM64
		{624F61A4-72C6-4505-8546-8776FE1A96B3}.Release|x64.ActiveCfg = Release|x64
		{624F61A4-72C6-4505-8546-8776FE1A96B3}.Release|x64.Build.0 = Release|x64
		{624F61A4-72C6-4505-8546-8776FE1A96B3}.Release|x64.Deploy.0 = Release|x64
		{624F61A4-72C6-4505-8546-8776FE1A96B3}.Release|x86.ActiveCfg = Release|x64
		{624F61A4-72C6-4505-8546-8776FE1A96B3}.Release|x86.Build.0 = Release|x64
		{624F61A4-72C6-4505-8546-8776FE1A96B3}.Release|x86.Deploy.0 = Release|x64
		{61FE4B04-E74D-46C7-8E39-FC3BE301C428}.Debug|ARM64.ActiveCfg = Debug|x64
		{61FE4B04-E74D-46C7-8E39-FC3BE301C428}.Debug|ARM64.Build.0 = Debug|x64
		{61FE4B04-E74D-46C7-8E39-FC3BE301C428}.Debug|x64.ActiveCfg = Debug|x64
		{61FE4B04-E74D-46C7-8E39-FC3BE301C428}.Debug|x64.Build.0 = Debug|x64
		{61FE4B04-E74D-46C7-8E39-FC3BE301C428}.Debug|x86.ActiveCfg = Debug|Win32
		{61FE4B04-E74D-46C7-8E39-FC3BE301C428}.Debug|x86.Build.0 = Debug|Win32
		{61FE4B04-E74D-46C7-8E39-FC3BE301C428}.Release|ARM64.ActiveCfg = Release|x64
		{61FE4B04-E74D-46C7-8E39-FC3BE301C428}.Release|ARM64.Build.0 = Release|x64
		{61FE4B04-E74D-46C7-8E39-FC3BE301C428}.Release|x64.ActiveCfg = Release|x64
		{61FE4B04-E74D-46C7-8E39-FC3BE301C428}.Release|x64.Build.0 = Release|x64
		{61FE4B04-E74D-46C7-8E39-FC3BE301C428}.Release|x86.ActiveCfg = Release|Win32
		{61FE4B04-E74D-46C7-8E39-FC3BE301C428}.Release|x86.Build.0 = Release|Win32
		{6E6508AC-66BE-4CB5-B14F-02F131F213AD}.Debug|ARM64.ActiveCfg = Debug|ARM64
		{6E6508AC-66BE-4CB5-B14F-02F131F213AD}.Debug|ARM64.Build.0 = Debug|ARM64
		{6E6508AC-66BE-4CB5-B14F-02F131F213AD}.Debug|ARM64.Deploy.0 = Debug|ARM64
		{6E6508AC-66BE-4CB5-B14F-02F131F213AD}.Debug|x64.ActiveCfg = Debug|x64
		{6E6508AC-66BE-4CB5-B14F-02F131F213AD}.Debug|x64.Build.0 = Debug|x64
		{6E6508AC-66BE-4CB5-B14F-02F131F213AD}.Debug|x64.Deploy.0 = Debug|x64
		{6E6508AC-66BE-4CB5-B14F-02F131F213AD}.Debug|x86.ActiveCfg = Debug|x64
		{6E6508AC-66BE-4CB5-B14F-02F131F213AD}.Debug|x86.Build.0 = Debug|x64
		{6E6508AC-66BE-4CB5-B14F-02F131F213AD}.Debug|x86.Deploy.0 = Debug|x64
		{6E6508AC-66BE-4CB5-B14F-02F131F213AD}.Release|ARM64.ActiveCfg = Release|ARM64
		{6E6508AC-66BE-4CB5-B14F-02F131F213AD}.Release|ARM64.Build.0 = Release|ARM64
		{6E6508AC-66BE-4CB5-B14F-02F131F213AD}.Release|ARM64.Deploy.0 = Release|ARM64
		{6E6508AC-66BE-4CB5-B14F-02F131F213AD}.Release|x64.ActiveCfg = Release|x64
		{6E6508AC-66BE-4CB5-B14F-02F131F213AD}.Release|x64.Build.0 = Release|x64
		{6E6508AC-66BE-4CB5-B14F-02F131F213AD}.Release|x64.Deploy.0 = Release|x64
		{6E6508AC-66BE-4CB5-B14F-02F131F213AD}.Release|x86.ActiveCfg = Release|x64
		{6E6508AC-66BE-4CB5-B14F-02F131F213AD}.Release|x86.Build.0 = Release|x64
		{6E6508AC-66BE-4CB5-B14F-02F131F213AD}.Release|x86.Deploy.0 = Release|x64
		{1B344174-955E-47D5-915B-75FBAEEB0397}.Debug|ARM64.ActiveCfg = Debug|x64
		{1B344174-955E-47D5-915B-75FBAEEB0397}.Debug|ARM64.Build.0 = Debug|x64
		{1B344174-955E-47D5-915B-75FBAEEB0397}.Debug|x64.ActiveCfg = Debug|x64
		{1B344174-955E-47D5-915B-75FBAEEB0397}.Debug|x64.Build.0 = Debug|x64
		{1B344174-955E-47D5-915B-75FBAEEB0397}.Debug|x86.ActiveCfg = Debug|Win32
		{1B344174-955E-47D5-915B-75FBAEEB0397}.Debug|x86.Build.0 = Debug|Win32
		{1B344174-955E-47D5-915B-75FBAEEB0397}.Release|ARM64.ActiveCfg = Release|x64
		{1B344174-955E-47D5-915B-75FBAEEB0397}.Release|ARM64.Build.0 = Release|x64
		{1B344174-955E-47D5-915B-75FBAEEB0397}.Release|x64.ActiveCfg = Release|x64
		{1B344174-955E-47D5-915B-75FBAEEB0397}.Release|x64.Build.0 = Release|x64
		{1B344174-955E-47D5-915B-75FBAEEB0397}.Release|x86.ActiveCfg = Release|Win32
		{1B344174-955E-47D5-915B-75FBAEEB0397}.Release|x86.Build.0 = Release|Win32
		{EC806096-FE95-409F-8B6E-01F9F364924A}.Debug|ARM64.ActiveCfg = Debug|ARM64
		{EC806096-FE95-409F-8B6E-01F9F364924A}.Debug|ARM64.Build.0 = Debug|ARM64
		{EC806096-FE95-409F-8B6E-01F9F364924A}.Debug|ARM64.Deploy.0 = Debug|ARM64
		{EC806096-FE95-409F-8B6E-01F9F364924A}.Debug|x64.ActiveCfg = Debug|x64
		{EC806096-FE95-409F-8B6E-01F9F364924A}.Debug|x64.Build.0 = Debug|x64
		{EC806096-FE95-409F-8B6E-01F9F364924A}.Debug|x64.Deploy.0 = Debug|x64
		{EC806096-FE95-409F-8B6E-01F9F364924A}.Debug|x86.ActiveCfg = Debug|x64
		{EC806096-FE95-409F-8B6E-01F9F364924A}.Debug|x86.Build.0 = Debug|x64
		{EC806096-FE95-409F-8B6E-01F9F364924A}.Debug|x86.Deploy.0 = Debug|x64
		{EC806096-FE95-409F-8B6E-01F9F364924A}.Release|ARM64.ActiveCfg = Release|ARM64
		{EC806096-FE95-409F-8B6E-01F9F364924A}.Release|ARM64.Build.0 = Release|ARM64
		{EC806096-FE95-409F-8B6E-01F9F364924A}.Release|ARM64.Deploy.0 = Release|ARM64
		{EC806096-FE95-409F-8B6E-01F9F364924A}.Release|x64.ActiveCfg = Release|x64
		{EC806096-FE95-409F-8B6E-01F9F364924A}.Release|x64.Build.0 = Release|x64
		{EC806096-FE95-409F-8B6E-01F9F364924A}.Release|x64.Deploy.0 = Release|x64
		{EC806096-FE95-409F-8B6E-01F9F364924A}.Release|x86.ActiveCfg = Release|x64
		{EC806096-FE95-409F-8B6E-01F9F364924A}.Release|x86.Build.0 = Release|x64
		{EC806096-FE95-409F-8B6E-01F9F364924A}.Release|x86.Deploy.0 = Release|x64
		{88DCAD22-8924-4177-A94C-12D79DC75F0C}.Debug|ARM64.ActiveCfg = Debug|ARM64
		{88DCAD22-8924-4177-A94C-12D79DC75F0C}.Debug|ARM64.Build.0 = Debug|ARM64
		{88DCAD22-8924-4177-A94C-12D79DC75F0C}.Debug|ARM64.Deploy.0 = Debug|ARM64
		{88DCAD22-8924-4177-A94C-12D79DC75F0C}.Debug|x64.ActiveCfg = Debug|x64
		{88DCAD22-8924-4177-A94C-12D79DC75F0C}.Debug|x64.Build.0 = Debug|x64
		{88DCAD22-8924-4177-A94C-12D79DC75F0C}.Debug|x64.Deploy.0 = Debug|x64
		{88DCAD22-8924-4177-A94C-12D79DC75F0C}.Debug|x86.ActiveCfg = Debug|x64
		{88DCAD22-8924-4177-A94C-12D79DC75F0C}.Debug|x86.Build.0 = Debug|x64
		{88DCAD22-8924-4177-A94C-12D79DC75F0C}.Debug|x86.Deploy.0 = Debug|x64
		{88DCAD22-8924-4177-A94C-12D79DC75F0C}.Release|ARM64.ActiveCfg = Release|ARM64
		{88DCAD22-8924-4177-A94C-12D79DC75F0C}.Release|ARM64.Build.0 = Release|ARM64
		{88DCAD22-8924-4177-A94C-12D79DC75F0C}.Release|ARM64.Deploy.0 = Release|ARM64
		{88DCAD22-8924-4177-A94C-12D79DC75F0C}.Release|x64.ActiveCfg = Release|x64
		{88DCAD22-8924-4177-A94C-12D79DC75F0C}.Release|x64.Build.0 = Release|x64
		{88DCAD22-8924-4177-A94C-12D79DC75F0C}.Release|x64.Deploy.0 = Release|x64
		{88DCAD22-8924-4177-A94C-12D79DC75F0C}.Release|x86.ActiveCfg = Release|x64
		{88DCAD22-8924-4177-A94C-12D79DC75F0C}.Release|x86.Build.0 = Release|x64
		{88DCAD22-8924-4177-A94C-12D79DC75F0C}.Release|x86.Deploy.0 = Release|x64
		{94318D22-C79E-4EA0-AA89-8ED0DE744168}.Debug|ARM64.ActiveCfg = Debug|ARM64
		{94318D22-C79E-4EA0-AA89-8ED0DE744168}.Debug|ARM64.Build.0 = Debug|ARM64
		{94318D22-C79E-4EA0-AA89-8ED0DE744168}.Debug|ARM64.Deploy.0 = Debug|ARM64
		{94318D22-C79E-4EA0-AA89-8ED0DE744168}.Debug|x64.ActiveCfg = Debug|x64
		{94318D22-C79E-4EA0-AA89-8ED0DE744168}.Debug|x64.Build.0 = Debug|x64
		{94318D22-C79E-4EA0-AA89-8ED0DE744168}.Debug|x64.Deploy.0 = Debug|x64
		{94318D22-C79E-4EA0-AA89-8ED0DE744168}.Debug|x86.ActiveCfg = Debug|x64
		{94318D22-C79E-4EA0-AA89-8ED0DE744168}.Debug|x86.Build.0 = Debug|x64
		{94318D22-C79E-4EA0-AA89-8ED0DE744168}.Debug|x86.Deploy.0 = Debug|x64
		{94318D22-C79E-4EA0-AA89-8ED0DE744168}.Release|ARM64.ActiveCfg = Release|ARM64
		{94318D22-C79E-4EA0-AA89-8ED0DE744168}.Release|ARM64.Build.0 = Release|ARM64
		{94318D22-C79E-4EA0-AA89-8ED0DE744168}.Release|ARM64.Deploy.0 = Release|ARM64
		{94318D22-C79E-4EA0-AA89-8ED0DE744168}.Release|x64.ActiveCfg = Release|x64
		{94318D22-C79E-4EA0-AA89-8ED0DE744168}.Release|x64.Build.0 = Release|x64
		{94318D22-C79E-4EA0-AA89-8ED0DE744168}.Release|x64.Deploy.0 = Release|x64
		{94318D22-C79E-4EA0-AA89-8ED0DE744168}.Release|x86.ActiveCfg = Release|x64
		{94318D22-C79E-4EA0-AA89-8ED0DE744168}.Release|x86.Build.0 = Release|x64
		{94318D22-C79E-4EA0-AA89-8ED0DE744168}.Release|x86.Deploy.0 = Release|x64
		{0069C731-9C69-4AD5-A794-36D8B291CE5F}.Debug|ARM64.ActiveCfg = Debug|ARM64
		{0069C731-9C69-4AD5-A794-36D8B291CE5F}.Debug|ARM64.Build.0 = Debug|ARM64
		{0069C731-9C69-4AD5-A794-36D8B291CE5F}.Debug|ARM64.Deploy.0 = Debug|ARM64
		{0069C731-9C69-4AD5-A794-36D8B291CE5F}.Debug|x64.ActiveCfg = Debug|x64
		{0069C731-9C69-4AD5-A794-36D8B291CE5F}.Debug|x64.Build.0 = Debug|x64
		{0069C731-9C69-4AD5-A794-36D8B291CE5F}.Debug|x64.Deploy.0 = Debug|x64
		{0069C731-9C69-4AD5-A794-36D8B291CE5F}.Debug|x86.ActiveCfg = Debug|x64
		{0069C731-9C69-4AD5-A794-36D8B291CE5F}.Debug|x86.Build.0 = Debug|x64
		{0069C731-9C69-4AD5-A794-36D8B291CE5F}.Debug|x86.Deploy.0 = Debug|x64
		{0069C731-9C69-4AD5-A794-36D8B291CE5F}.Release|ARM64.ActiveCfg = Release|ARM64
		{0069C731-9C69-4AD5-A794-36D8B291CE5F}.Release|ARM64.Build.0 = Release|ARM64
		{0069C731-9C69-4AD5-A794-36D8B291CE5F}.Release|ARM64.Deploy.0 = Release|ARM64
		{0069C731-9C69-4AD5-A794-36D8B291CE5F}.Release|x64.ActiveCfg = Release|x64
		{0069C731-9C69-4AD5-A794-36D8B291CE5F}.Release|x64.Build.0 = Release|x64
		{0069C731-9C69-4AD5-A794-36D8B291CE5F}.Release|x64.Deploy.0 = Release|x64
		{0069C731-9C69-4AD5-A794-36D8B291CE5F}.Release|x86.ActiveCfg = Release|x64
		{0069C731-9C69-4AD5-A794-36D8B291CE5F}.Release|x86.Build.0 = Release|x64
		{0069C731-9C69-4AD5-A794-36D8B291CE5F}.Release|x86.Deploy.0 = Release|x64
		{D52BEC6A-581C-41DD-A147-7F4604E76403}.Debug|ARM64.ActiveCfg = Debug|ARM64
		{D52BEC6A-581C-41DD-A147-7F4604E76403}.Debug|ARM64.Build.0 = Debug|ARM64
		{D52BEC6A-581C-41DD-A147-7F4604E76403}.Debug|ARM64.Deploy.0 = Debug|ARM64
		{D52BEC6A-581C-41DD-A147-7F4604E76403}.Debug|x64.ActiveCfg = Debug|x64
		{D52BEC6A-581C-41DD-A147-7F4604E76403}.Debug|x64.Build.0 = Debug|x64
		{D52BEC6A-581C-41DD-A147-7F4604E76403}.Debug|x64.Deploy.0 = Debug|x64
		{D52BEC6A-581C-41DD-A147-7F4604E76403}.Debug|x86.ActiveCfg = Debug|x64
		{D52BEC6A-581C-41DD-A147-7F4604E76403}.Debug|x86.Build.0 = Debug|x64
		{D52BEC6A-581C-41DD-A147-7F4604E76403}.Debug|x86.Deploy.0 = Debug|x64
		{D52BEC6A-581C-41DD-A147-7F4604E76403}.Release|ARM64.ActiveCfg = Release|ARM64
		{D52BEC6A-581C-41DD-A147-7F4604E76403}.Release|ARM64.Build.0 = Release|ARM64
		{D52BEC6A-581C-41DD-A147-7F4604E76403}.Release|ARM64.Deploy.0 = Release|ARM64
		{D52BEC6A-581C-41DD-A147-7F4604E76403}.Release|x64.ActiveCfg = Release|x64
		{D52BEC6A-581C-41DD-A147-7F4604E76403}.Release|x64.Build.0 = Release|x64
		{D52BEC6A-581C-41DD-A147-7F4604E76403}.Release|x64.Deploy.0 = Release|x64
		{D52BEC6A-581C-41DD-A147-7F4604E76403}.Release|x86.ActiveCfg = Release|x64
		{D52BEC6A-581C-41DD-A147-7F4604E76403}.Release|x86.Build.0 = Release|x64
		{D52BEC6A-581C-41DD-A147-7F4604E76403}.Release|x86.Deploy.0 = Release|x64
		{47E3EE11-A656-4690-867F-AF771DFE8F4A}.Debug|ARM64.ActiveCfg = Debug|ARM64
		{47E3EE11-A656-4690-867F-AF771DFE8F4A}.Debug|ARM64.Build.0 = Debug|ARM64
		{47E3EE11-A656-4690-867F-AF771DFE8F4A}.Debug|ARM64.Deploy.0 = Debug|ARM64
		{47E3EE11-A656-4690-867F-AF771DFE8F4A}.Debug|x64.ActiveCfg = Debug|x64
		{47E3EE11-A656-4690-867F-AF771DFE8F4A}.Debug|x64.Build.0 = Debug|x64
		{47E3EE11-A656-4690-867F-AF771DFE8F4A}.Debug|x64.Deploy.0 = Debug|x64
		{47E3EE11-A656-4690-867F-AF771DFE8F4A}.Debug|x86.ActiveCfg = Debug|x64
		{47E3EE11-A656-4690-867F-AF771DFE8F4A}.Debug|x86.Build.0 = Debug|x64
		{47E3EE11-A656-4690-867F-AF771DFE8F4A}.Debug|x86.Deploy.0 = Debug|x64
		{47E3EE11-A656-4690-867F-AF771DFE8F4A}.Release|ARM64.ActiveCfg = Release|ARM64
		{47E3EE11-A656-4690-867F-AF771DFE8F4A}.Release|ARM64.Build.0 = Release|ARM64
		{47E3EE11-A656-4690-867F-AF771DFE8F4A}.Release|ARM64.Deploy.0 = Release|ARM64
		{47E3EE11-A656-4690-867F-AF771DFE8F4A}.Release|x64.ActiveCfg = Release|x64
		{47E3EE11-A656-4690-867F-AF771DFE8F4A}.Release|x64.Build.0 = Release|x64
		{47E3EE11-A656-4690-867F-AF771DFE8F4A}.Release|x64.Deploy.0 = Release|x64
		{47E3EE11-A656-4690-867F-AF771DFE8F4A}.Release|x86.ActiveCfg = Release|x64
		{47E3EE11-A656-4690-867F-AF771DFE8F4A}.Release|x86.Build.0 = Release|x64
		{47E3EE11-A656-4690-867F-AF771DFE8F4A}.Release|x86.Deploy.0 = Release|x64
		{B75F605F-1FF2-485C-9FC4-D5FBCDB85A83}.Debug|ARM64.ActiveCfg = Debug|ARM64
		{B75F605F-1FF2-485C-9FC4-D5FBCDB85A83}.Debug|ARM64.Build.0 = Debug|ARM64
		{B75F605F-1FF2-485C-9FC4-D5FBCDB85A83}.Debug|ARM64.Deploy.0 = Debug|ARM64
		{B75F605F-1FF2-485C-9FC4-D5FBCDB85A83}.Debug|x64.ActiveCfg = Debug|x64
		{B75F605F-1FF2-485C-9FC4-D5FBCDB85A83}.Debug|x64.Build.0 = Debug|x64
		{B75F605F-1FF2-485C-9FC4-D5FBCDB85A83}.Debug|x64.Deploy.0 = Debug|x64
		{B75F605F-1FF2-485C-9FC4-D5FBCDB85A83}.Debug|x86.ActiveCfg = Debug|x64
		{B75F605F-1FF2-485C-9FC4-D5FBCDB85A83}.Debug|x86.Build.0 = Debug|x64
		{B75F605F-1FF2-485C-9FC4-D5FBCDB85A83}.Debug|x86.Deploy.0 = Debug|x64
		{B75F605F-1FF2-485C-9FC4-D5FBCDB85A83}.Release|ARM64.ActiveCfg = Release|ARM64
		{B75F605F-1FF2-485C-9FC4-D5FBCDB85A83}.Release|ARM64.Build.0 = Release|ARM64
		{B75F605F-1FF2-485C-9FC4-D5FBCDB85A83}.Release|ARM64.Deploy.0 = Release|ARM64
		{B75F605F-1FF2-485C-9FC4-D5FBCDB85A83}.Release|x64.ActiveCfg = Release|x64
		{B75F605F-1FF2-485C-9FC4-D5FBCDB85A83}.Release|x64.Build.0 = Release|x64
		{B75F605F-1FF2-485C-9FC4-D5FBCDB85A83}.Release|x64.Deploy.0 = Release|x64
		{B75F605F-1FF2-485C-9FC4-D5FBCDB85A83}.Release|x86.ActiveCfg = Release|x64
		{B75F605F-1FF2-485C-9FC4-D5FBCDB85A83}.Release|x86.Build.0 = Release|x64
		{B75F605F-1FF2-485C-9FC4-D5FBCDB85A83}.Release|x86.Deploy.0 = Release|x64
		{CE41028C-7F2A-4D51-98D9-A67752FE9359}.Debug|ARM64.ActiveCfg = Debug|ARM64
		{CE41028C-7F2A-4D51-98D9-A67752FE9359}.Debug|ARM64.Build.0 = Debug|ARM64
		{CE41028C-7F2A-4D51-98D9-A67752FE9359}.Debug|ARM64.Deploy.0 = Debug|ARM64
		{CE41028C-7F2A-4D51-98D9-A67752FE9359}.Debug|x64.ActiveCfg = Debug|x64
		{CE41028C-7F2A-4D51-98D9-A67752FE9359}.Debug|x64.Build.0 = Debug|x64
		{CE41028C-7F2A-4D51-98D9-A67752FE9359}.Debug|x64.Deploy.0 = Debug|x64
		{CE41028C-7F2A-4D51-98D9-A67752FE9359}.Debug|x86.ActiveCfg = Debug|x64
		{CE41028C-7F2A-4D51-98D9-A67752FE9359}.Debug|x86.Build.0 = Debug|x64
		{CE41028C-7F2A-4D51-98D9-A67752FE9359}.Debug|x86.Deploy.0 = Debug|x64
		{CE41028C-7F2A-4D51-98D9-A67752FE9359}.Release|ARM64.ActiveCfg = Release|ARM64
		{CE41028C-7F2A-4D51-98D9-A67752FE9359}.Release|ARM64.Build.0 = Release|ARM64
		{CE41028C-7F2A-4D51-98D9-A67752FE9359}.Release|ARM64.Deploy.0 = Release|ARM64
		{CE41028C-7F2A-4D51-98D9-A67752FE9359}.Release|x64.ActiveCfg = Release|x64
		{CE41028C-7F2A-4D51-98D9-A67752FE9359}.Release|x64.Build.0 = Release|x64
		{CE41028C-7F2A-4D51-98D9-A67752FE9359}.Release|x64.Deploy.0 = Release|x64
		{CE41028C-7F2A-4D51-98D9-A67752FE9359}.Release|x86.ActiveCfg = Release|x64
		{CE41028C-7F2A-4D51-98D9-A67752FE9359}.Release|x86.Build.0 = Release|x64
		{CE41028C-7F2A-4D51-98D9-A67752FE9359}.Release|x86.Deploy.0 = Release|x64
		{58750C7F-E808-4594-9C95-52C221856B28}.Debug|ARM64.ActiveCfg = Debug|x64
		{58750C7F-E808-4594-9C95-52C221856B28}.Debug|ARM64.Build.0 = Debug|x64
		{58750C7F-E808-4594-9C95-52C221856B28}.Debug|x64.ActiveCfg = Debug|x64
		{58750C7F-E808-4594-9C95-52C221856B28}.Debug|x64.Build.0 = Debug|x64
		{58750C7F-E808-4594-9C95-52C221856B28}.Debug|x86.ActiveCfg = Debug|Win32
		{58750C7F-E808-4594-9C95-52C221856B28}.Debug|x86.Build.0 = Debug|Win32
		{58750C7F-E808-4594-9C95-52C221856B28}.Release|ARM64.ActiveCfg = Release|x64
		{58750C7F-E808-4594-9C95-52C221856B28}.Release|ARM64.Build.0 = Release|x64
		{58750C7F-E808-4594-9C95-52C221856B28}.Release|x64.ActiveCfg = Release|x64
		{58750C7F-E808-4594-9C95-52C221856B28}.Release|x64.Build.0 = Release|x64
		{58750C7F-E808-4594-9C95-52C221856B28}.Release|x86.ActiveCfg = Release|Win32
		{58750C7F-E808-4594-9C95-52C221856B28}.Release|x86.Build.0 = Release|Win32
		{2CEFB797-3514-4E99-9BFC-635CDFE1578D}.Debug|ARM64.ActiveCfg = Debug|ARM64
		{2CEFB797-3514-4E99-9BFC-635CDFE1578D}.Debug|ARM64.Build.0 = Debug|ARM64
		{2CEFB797-3514-4E99-9BFC-635CDFE1578D}.Debug|ARM64.Deploy.0 = Debug|ARM64
		{2CEFB797-3514-4E99-9BFC-635CDFE1578D}.Debug|x64.ActiveCfg = Debug|x64
		{2CEFB797-3514-4E99-9BFC-635CDFE1578D}.Debug|x64.Build.0 = Debug|x64
		{2CEFB797-3514-4E99-9BFC-635CDFE1578D}.Debug|x64.Deploy.0 = Debug|x64
		{2CEFB797-3514-4E99-9BFC-635CDFE1578D}.Debug|x86.ActiveCfg = Debug|x64
		{2CEFB797-3514-4E99-9BFC-635CDFE1578D}.Debug|x86.Build.0 = Debug|x64
		{2CEFB797-3514-4E99-9BFC-635CDFE1578D}.Debug|x86.Deploy.0 = Debug|x64
		{2CEFB797-3514-4E99-9BFC-635CDFE1578D}.Release|ARM64.ActiveCfg = Release|ARM64
		{2CEFB797-3514-4E99-9BFC-635CDFE1578D}.Release|ARM64.Build.0 = Release|ARM64
		{2CEFB797-3514-4E99-9BFC-635CDFE1578D}.Release|ARM64.Deploy.0 = Release|ARM64
		{2CEFB797-3514-4E99-9BFC-635CDFE1578D}.Release|x64.ActiveCfg = Release|x64
		{2CEFB797-3514-4E99-9BFC-635CDFE1578D}.Release|x64.Build.0 = Release|x64
		{2CEFB797-3514-4E99-9BFC-635CDFE1578D}.Release|x64.Deploy.0 = Release|x64
		{2CEFB797-3514-4E99-9BFC-635CDFE1578D}.Release|x86.ActiveCfg = Release|x64
		{2CEFB797-3514-4E99-9BFC-635CDFE1578D}.Release|x86.Build.0 = Release|x64
		{2CEFB797-3514-4E99-9BFC-635CDFE1578D}.Release|x86.Deploy.0 = Release|x64
		{991C2900-7AB8-462F-A0FA-208D2C35C28C}.Debug|ARM64.ActiveCfg = Debug|x64
		{991C2900-7AB8-462F-A0FA-208D2C35C28C}.Debug|ARM64.Build.0 = Debug|x64
		{991C2900-7AB8-462F-A0FA-208D2C35C28C}.Debug|x64.ActiveCfg = Debug|x64
		{991C2900-7AB8-462F-A0FA-208D2C35C28C}.Debug|x64.Build.0 = Debug|x64
		{991C2900-7AB8-462F-A0FA-208D2C35C28C}.Debug|x86.ActiveCfg = Debug|Win32
		{991C2900-7AB8-462F-A0FA-208D2C35C28C}.Debug|x86.Build.0 = Debug|Win32
		{991C2900-7AB8-462F-A0FA-208D2C35C28C}.Release|ARM64.ActiveCfg = Release|x64
		{991C2900-7AB8-462F-A0FA-208D2C35C28C}.Release|ARM64.Build.0 = Release|x64
		{991C2900-7AB8-462F-A0FA-208D2C35C28C}.Release|x64.ActiveCfg = Release|x64
		{991C2900-7AB8-462F-A0FA-208D2C35C28C}.Release|x64.Build.0 = Release|x64
		{991C2900-7AB8-462F-A0FA-208D2C35C28C}.Release|x86.ActiveCfg = Release|Win32
		{991C2900-7AB8-462F-A0FA-208D2C35C28C}.Release|x86.Build.0 = Release|Win32
		{77D68C0C-B586-4933-A19F-D054905A66BF}.Debug|ARM64.ActiveCfg = Debug|x64
		{77D68C0C-B586-4933-A19F-D054905A66BF}.Debug|ARM64.Build.0 = Debug|x64
		{77D68C0C-B586-4933-A19F-D054905A66BF}.Debug|x64.ActiveCfg = Debug|x64
		{77D68C0C-B586-4933-A19F-D054905A66BF}.Debug|x64.Build.0 = Debug|x64
		{77D68C0C-B586-4933-A19F-D054905A66BF}.Debug|x86.ActiveCfg = Debug|Win32
		{77D68C0C-B586-4933-A19F-D054905A66BF}.Debug|x86.Build.0 = Debug|Win32
		{77D68C0C-B586-4933-A19F-D054905A66BF}.Release|ARM64.ActiveCfg = Release|x64
		{77D68C0C-B586-4933-A19F-D054905A66BF}.Release|ARM64.Build.0 = Release|x64
		{77D68C0C-B586-4933-A19F-D054905A66BF}.Release|x64.ActiveCfg = Release|x64
		{77D68C0C-B586-4933-A19F-D054905A66BF}.Release|x64.Build.0 = Release|x64
		{77D68C0C-B586-4933-A19F-D054905A66BF}.Release|x86.ActiveCfg = Release|Win32
		{77D68C0C-B586-4933-A19F-D054905A66BF}.Release|x86.Build.0 = Release|Win32
		{DBB0A52A-D166-4717-9AA3-193B3BB4094F}.Debug|ARM64.ActiveCfg = Debug|x64
		{DBB0A52A-D166-4717-9AA3-193B3BB4094F}.Debug|ARM64.Build.0 = Debug|x64
		{DBB0A52A-D166-4717-9AA3-193B3BB4094F}.Debug|x64.ActiveCfg = Debug|x64
		{DBB0A52A-D166-4717-9AA3-193B3BB4094F}.Debug|x64.Build.0 = Debug|x64
		{DBB0A52A-D166-4717-9AA3-193B3BB4094F}.Debug|x86.ActiveCfg = Debug|Win32
		{DBB0A52A-D166-4717-9AA3-193B3BB4094F}.Debug|x86.Build.0 = Debug|Win32
		{DBB0A52A-D166-4717-9AA3-193B3BB4094F}.Release|ARM64.ActiveCfg = Release|x64
		{DBB0A52A-D166-4717-9AA3-193B3BB4094F}.Release|ARM64.Build.0 = Release|x64
		{DBB0A52A-D166-4717-9AA3-193B3BB4094F}.Release|x64.ActiveCfg = Release|x64
		{DBB0A52A-D166-4717-9AA3-193B3BB4094F}.Release|x64.Build.0 = Release|x64
		{DBB0A52A-D166-4717-9AA3-193B3BB4094F}.Release|x86.ActiveCfg = Release|Win32
		{DBB0A52A-D166-4717-9AA3-193B3BB4094F}.Release|x86.Build.0 = Release|Win32
		{7F104C9A-8F5F-4985-869E-2FC4F126A990}.Debug|ARM64.ActiveCfg = Debug|ARM64
		{7F104C9A-8F5F-4985-869E-2FC4F126A990}.Debug|ARM64.Build.0 = Debug|ARM64
		{7F104C9A-8F5F-4985-869E-2FC4F126A990}.Debug|ARM64.Deploy.0 = Debug|ARM64
		{7F104C9A-8F5F-4985-869E-2FC4F126A990}.Debug|x64.ActiveCfg = Debug|x64
		{7F104C9A-8F5F-4985-869E-2FC4F126A990}.Debug|x64.Build.0 = Debug|x64
		{7F104C9A-8F5F-4985-869E-2FC4F126A990}.Debug|x64.Deploy.0 = Debug|x64
		{7F104C9A-8F5F-4985-869E-2FC4F126A990}.Debug|x86.ActiveCfg = Debug|x64
		{7F104C9A-8F5F-4985-869E-2FC4F126A990}.Debug|x86.Build.0 = Debug|x64
		{7F104C9A-8F5F-4985-869E-2FC4F126A990}.Debug|x86.Deploy.0 = Debug|x64
		{7F104C9A-8F5F-4985-869E-2FC4F126A990}.Release|ARM64.ActiveCfg = Release|ARM64
		{7F104C9A-8F5F-4985-869E-2FC4F126A990}.Release|ARM64.Build.0 = Release|ARM64
		{7F104C9A-8F5F-4985-869E-2FC4F126A990}.Release|ARM64.Deploy.0 = Release|ARM64
		{7F104C9A-8F5F-4985-869E-2FC4F126A990}.Release|x64.ActiveCfg = Release|x64
		{7F104C9A-8F5F-4985-869E-2FC4F126A990}.Release|x64.Build.0 = Release|x64
		{7F104C9A-8F5F-4985-869E-2FC4F126A990}.Release|x64.Deploy.0 = Release|x64
		{7F104C9A-8F5F-4985-869E-2FC4F126A990}.Release|x86.ActiveCfg = Release|x64
		{7F104C9A-8F5F-4985-869E-2FC4F126A990}.Release|x86.Build.0 = Release|x64
		{7F104C9A-8F5F-4985-869E-2FC4F126A990}.Release|x86.Deploy.0 = Release|x64
		{181554DE-5ADA-4392-A8CE-D3EA5582AC78}.Debug|ARM64.ActiveCfg = Debug|x64
		{181554DE-5ADA-4392-A8CE-D3EA5582AC78}.Debug|ARM64.Build.0 = Debug|x64
		{181554DE-5ADA-4392-A8CE-D3EA5582AC78}.Debug|x64.ActiveCfg = Debug|x64
		{181554DE-5ADA-4392-A8CE-D3EA5582AC78}.Debug|x64.Build.0 = Debug|x64
		{181554DE-5ADA-4392-A8CE-D3EA5582AC78}.Debug|x86.ActiveCfg = Debug|Win32
		{181554DE-5ADA-4392-A8CE-D3EA5582AC78}.Debug|x86.Build.0 = Debug|Win32
		{181554DE-5ADA-4392-A8CE-D3EA5582AC78}.Release|ARM64.ActiveCfg = Release|x64
		{181554DE-5ADA-4392-A8CE-D3EA5582AC78}.Release|ARM64.Build.0 = Release|x64
		{181554DE-5ADA-4392-A8CE-D3EA5582AC78}.Release|x64.ActiveCfg = Release|x64
		{181554DE-5ADA-4392-A8CE-D3EA5582AC78}.Release|x64.Build.0 = Release|x64
		{181554DE-5ADA-4392-A8CE-D3EA5582AC78}.Release|x86.ActiveCfg = Release|Win32
		{181554DE-5ADA-4392-A8CE-D3EA5582AC78}.Release|x86.Build.0 = Release|Win32
		{7E08C63F-0369-4834-8AEF-D8DC5B9C9284}.Debug|ARM64.ActiveCfg = Debug|ARM64
		{7E08C63F-0369-4834-8AEF-D8DC5B9C9284}.Debug|ARM64.Build.0 = Debug|ARM64
		{7E08C63F-0369-4834-8AEF-D8DC5B9C9284}.Debug|ARM64.Deploy.0 = Debug|ARM64
		{7E08C63F-0369-4834-8AEF-D8DC5B9C9284}.Debug|x64.ActiveCfg = Debug|x64
		{7E08C63F-0369-4834-8AEF-D8DC5B9C9284}.Debug|x64.Build.0 = Debug|x64
		{7E08C63F-0369-4834-8AEF-D8DC5B9C9284}.Debug|x64.Deploy.0 = Debug|x64
		{7E08C63F-0369-4834-8AEF-D8DC5B9C9284}.Debug|x86.ActiveCfg = Debug|x64
		{7E08C63F-0369-4834-8AEF-D8DC5B9C9284}.Debug|x86.Build.0 = Debug|x64
		{7E08C63F-0369-4834-8AEF-D8DC5B9C9284}.Debug|x86.Deploy.0 = Debug|x64
		{7E08C63F-0369-4834-8AEF-D8DC5B9C9284}.Release|ARM64.ActiveCfg = Release|ARM64
		{7E08C63F-0369-4834-8AEF-D8DC5B9C9284}.Release|ARM64.Build.0 = Release|ARM64
		{7E08C63F-0369-4834-8AEF-D8DC5B9C9284}.Release|ARM64.Deploy.0 = Release|ARM64
		{7E08C63F-0369-4834-8AEF-D8DC5B9C9284}.Release|x64.ActiveCfg = Release|x64
		{7E08C63F-0369-4834-8AEF-D8DC5B9C9284}.Release|x64.Build.0 = Release|x64
		{7E08C63F-0369-4834-8AEF-D8DC5B9C9284}.Release|x64.Deploy.0 = Release|x64
		{7E08C63F-0369-4834-8AEF-D8DC5B9C9284}.Release|x86.ActiveCfg = Release|x64
		{7E08C63F-0369-4834-8AEF-D8DC5B9C9284}.Release|x86.Build.0 = Release|x64
		{7E08C63F-0369-4834-8AEF-D8DC5B9C9284}.Release|x86.Deploy.0 = Release|x64
		{1BA004CE-0BDC-40D6-BF58-1FEA4A863DB9}.Debug|ARM64.ActiveCfg = Debug|x64
		{1BA004CE-0BDC-40D6-BF58-1FEA4A863DB9}.Debug|ARM64.Build.0 = Debug|x64
		{1BA004CE-0BDC-40D6-BF58-1FEA4A863DB9}.Debug|x64.ActiveCfg = Debug|x64
		{1BA004CE-0BDC-40D6-BF58-1FEA4A863DB9}.Debug|x64.Build.0 = Debug|x64
		{1BA004CE-0BDC-40D6-BF58-1FEA4A863DB9}.Debug|x86.ActiveCfg = Debug|Win32
		{1BA004CE-0BDC-40D6-BF58-1FEA4A863DB9}.Debug|x86.Build.0 = Debug|Win32
		{1BA004CE-0BDC-40D6-BF58-1FEA4A863DB9}.Release|ARM64.ActiveCfg = Release|x64
		{1BA004CE-0BDC-40D6-BF58-1FEA4A863DB9}.Release|ARM64.Build.0 = Release|x64
		{1BA004CE-0BDC-40D6-BF58-1FEA4A863DB9}.Release|x64.ActiveCfg = Release|x64
		{1BA004CE-0BDC-40D6-BF58-1FEA4A863DB9}.Release|x64.Build.0 = Release|x64
		{1BA004CE-0BDC-40D6-BF58-1FEA4A863DB9}.Release|x86.ActiveCfg = Release|Win32
		{1BA004CE-0BDC-40D6-BF58-1FEA4A863DB9}.Release|x86.Build.0 = Release|Win32
		{04E9015C-0F0A-4446-BECA-F69958ECDCB3}.Debug|ARM64.ActiveCfg = Debug|x64
		{04E9015C-0F0A-4446-BECA-F69958ECDCB3}.Debug|ARM64.Build.0 = Debug|x64
		{04E9015C-0F0A-4446-BECA-F69958ECDCB3}.Debug|x64.ActiveCfg = Debug|x64
		{04E9015C-0F0A-4446-BECA-F69958ECDCB3}.Debug|x64.Build.0 = Debug|x64
		{04E9015C-0F0A-4446-BECA-F69958ECDCB3}.Debug|x86.ActiveCfg = Debug|Win32
		{04E9015C-0F0A-4446-BECA-F69958ECDCB3}.Debug|x86.Build.0 = Debug|Win32
		{04E9015C-0F0A-4446-BECA-F69958ECDCB3}.Release|ARM64.ActiveCfg = Release|x64
		{04E9015C-0F0A-4446-BECA-F69958ECDCB3}.Release|ARM64.Build.0 = Release|x64
		{04E9015C-0F0A-4446-BECA-F69958ECDCB3}.Release|x64.ActiveCfg = Release|x64
		{04E9015C-0F0A-4446-BECA-F69958ECDCB3}.Release|x64.Build.0 = Release|x64
		{04E9015C-0F0A-4446-BECA-F69958ECDCB3}.Release|x86.ActiveCfg = Release|Win32
		{04E9015C-0F0A-4446-BECA-F69958ECDCB3}.Release|x86.Build.0 = Release|Win32
		{CE7CC4F6-3D72-477C-A062-B265E025629F}.Debug|ARM64.ActiveCfg = Debug|x64
		{CE7CC4F6-3D72-477C-A062-B265E025629F}.Debug|ARM64.Build.0 = Debug|x64
		{CE7CC4F6-3D72-477C-A062-B265E025629F}.Debug|x64.ActiveCfg = Debug|x64
		{CE7CC4F6-3D72-477C-A062-B265E025629F}.Debug|x64.Build.0 = Debug|x64
		{CE7CC4F6-3D72-477C-A062-B265E025629F}.Debug|x86.ActiveCfg = Debug|Win32
		{CE7CC4F6-3D72-477C-A062-B265E025629F}.Debug|x86.Build.0 = Debug|Win32
		{CE7CC4F6-3D72-477C-A062-B265E025629F}.Release|ARM64.ActiveCfg = Release|x64
		{CE7CC4F6-3D72-477C-A062-B265E025629F}.Release|ARM64.Build.0 = Release|x64
		{CE7CC4F6-3D72-477C-A062-B265E025629F}.Release|x64.ActiveCfg = Release|x64
		{CE7CC4F6-3D72-477C-A062-B265E025629F}.Release|x64.Build.0 = Release|x64
		{CE7CC4F6-3D72-477C-A062-B265E025629F}.Release|x86.ActiveCfg = Release|Win32
		{CE7CC4F6-3D72-477C-A062-B265E025629F}.Release|x86.Build.0 = Release|Win32
		{06A36474-366B-466A-AB2D-A9D0E0F5D447}.Debug|ARM64.ActiveCfg = Debug|x64
		{06A36474-366B-466A-AB2D-A9D0E0F5D447}.Debug|ARM64.Build.0 = Debug|x64
		{06A36474-366B-466A-AB2D-A9D0E0F5D447}.Debug|x64.ActiveCfg = Debug|x64
		{06A36474-366B-466A-AB2D-A9D0E0F5D447}.Debug|x64.Build.0 = Debug|x64
		{06A36474-366B-466A-AB2D-A9D0E0F5D447}.Debug|x86.ActiveCfg = Debug|Win32
		{06A36474-366B-466A-AB2D-A9D0E0F5D447}.Debug|x86.Build.0 = Debug|Win32
		{06A36474-366B-466A-AB2D-A9D0E0F5D447}.Release|ARM64.ActiveCfg = Release|x64
		{06A36474-366B-466A-AB2D-A9D0E0F5D447}.Release|ARM64.Build.0 = Release|x64
		{06A36474-366B-466A-AB2D-A9D0E0F5D447}.Release|x64.ActiveCfg = Release|x64
		{06A36474-366B-466A-AB2D-A9D0E0F5D447}.Release|x64.Build.0 = Release|x64
		{06A36474-366B-466A-AB2D-A9D0E0F5D447}.Release|x86.ActiveCfg = Release|Win32
		{06A36474-366B-466A-AB2D-A9D0E0F5D447}.Release|x86.Build.0 = Release|Win32
		{D0DCDE26-1123-4FD8-B617-35FB975F4785}.Debug|ARM64.ActiveCfg = Debug|x64
		{D0DCDE26-1123-4FD8-B617-35FB975F4785}.Debug|ARM64.Build.0 = Debug|x64
		{D0DCDE26-1123-4FD8-B617-35FB975F4785}.Debug|x64.ActiveCfg = Debug|x64
		{D0DCDE26-1123-4FD8-B617-35FB975F4785}.Debug|x64.Build.0 = Debug|x64
		{D0DCDE26-1123-4FD8-B617-35FB975F4785}.Debug|x86.ActiveCfg = Debug|Win32
		{D0DCDE26-1123-4FD8-B617-35FB975F4785}.Debug|x86.Build.0 = Debug|Win32
		{D0DCDE26-1123-4FD8-B617-35FB975F4785}.Release|ARM64.ActiveCfg = Release|x64
		{D0DCDE26-1123-4FD8-B617-35FB975F4785}.Release|ARM64.Build.0 = Release|x64
		{D0DCDE26-1123-4FD8-B617-35FB975F4785}.Release|x64.ActiveCfg = Release|x64
		{D0DCDE26-1123-4FD8-B617-35FB975F4785}.Release|x64.Build.0 = Release|x64
		{D0DCDE26-1123-4FD8-B617-35FB975F4785}.Release|x86.ActiveCfg = Release|Win32
		{D0DCDE26-1123-4FD8-B617-35FB975F4785}.Release|x86.Build.0 = Release|Win32
		{7550442B-7302-4708-B01B-CDC6F10B45CB}.Debug|ARM64.ActiveCfg = Debug|ARM64
		{7550442B-7302-4708-B01B-CDC6F10B45CB}.Debug|ARM64.Build.0 = Debug|ARM64
		{7550442B-7302-4708-B01B-CDC6F10B45CB}.Debug|ARM64.Deploy.0 = Debug|ARM64
		{7550442B-7302-4708-B01B-CDC6F10B45CB}.Debug|x64.ActiveCfg = Debug|x64
		{7550442B-7302-4708-B01B-CDC6F10B45CB}.Debug|x64.Build.0 = Debug|x64
		{7550442B-7302-4708-B01B-CDC6F10B45CB}.Debug|x64.Deploy.0 = Debug|x64
		{7550442B-7302-4708-B01B-CDC6F10B45CB}.Debug|x86.ActiveCfg = Debug|x64
		{7550442B-7302-4708-B01B-CDC6F10B45CB}.Debug|x86.Build.0 = Debug|x64
		{7550442B-7302-4708-B01B-CDC6F10B45CB}.Debug|x86.Deploy.0 = Debug|x64
		{7550442B-7302-4708-B01B-CDC6F10B45CB}.Release|ARM64.ActiveCfg = Release|ARM64
		{7550442B-7302-4708-B01B-CDC6F10B45CB}.Release|ARM64.Build.0 = Release|ARM64
		{7550442B-7302-4708-B01B-CDC6F10B45CB}.Release|ARM64.Deploy.0 = Release|ARM64
		{7550442B-7302-4708-B01B-CDC6F10B45CB}.Release|x64.ActiveCfg = Release|x64
		{7550442B-7302-4708-B01B-CDC6F10B45CB}.Release|x64.Build.0 = Release|x64
		{7550442B-7302-4708-B01B-CDC6F10B45CB}.Release|x64.Deploy.0 = Release|x64
		{7550442B-7302-4708-B01B-CDC6F10B45CB}.Release|x86.ActiveCfg = Release|x64
		{7550442B-7302-4708-B01B-CDC6F10B45CB}.Release|x86.Build.0 = Release|x64
		{7550442B-7302-4708-B01B-CDC6F10B45CB}.Release|x86.Deploy.0 = Release|x64
		{D23E1736-487B-4879-9FF2-F61F9745E7C5}.Debug|ARM64.ActiveCfg = Debug|ARM64
		{D23E1736-487B-4879-9FF2-F61F9745E7C5}.Debug|ARM64.Build.0 = Debug|ARM64
		{D23E1736-487B-4879-9FF2-F61F9745E7C5}.Debug|ARM64.Deploy.0 = Debug|ARM64
		{D23E1736-487B-4879-9FF2-F61F9745E7C5}.Debug|x64.ActiveCfg = Debug|x64
		{D23E1736-487B-4879-9FF2-F61F9745E7C5}.Debug|x64.Build.0 = Debug|x64
		{D23E1736-487B-4879-9FF2-F61F9745E7C5}.Debug|x64.Deploy.0 = Debug|x64
		{D23E1736-487B-4879-9FF2-F61F9745E7C5}.Debug|x86.ActiveCfg = Debug|x64
		{D23E1736-487B-4879-9FF2-F61F9745E7C5}.Debug|x86.Build.0 = Debug|x64
		{D23E1736-487B-4879-9FF2-F61F9745E7C5}.Debug|x86.Deploy.0 = Debug|x64
		{D23E1736-487B-4879-9FF2-F61F9745E7C5}.Release|ARM64.ActiveCfg = Release|ARM64
		{D23E1736-487B-4879-9FF2-F61F9745E7C5}.Release|ARM64.Build.0 = Release|ARM64
		{D23E1736-487B-4879-9FF2-F61F9745E7C5}.Release|ARM64.Deploy.0 = Release|ARM64
		{D23E1736-487B-4879-9FF2-F61F9745E7C5}.Release|x64.ActiveCfg = Release|x64
		{D23E1736-487B-4879-9FF2-F61F9745E7C5}.Release|x64.Build.0 = Release|x64
		{D23E1736-487B-4879-9FF2-F61F9745E7C5}.Release|x64.Deploy.0 = Release|x64
		{D23E1736-487B-4879-9FF2-F61F9745E7C5}.Release|x86.ActiveCfg = Release|x64
		{D23E1736-487B-4879-9FF2-F61F9745E7C5}.Release|x86.Build.0 = Release|x64
		{D23E1736-487B-4879-9FF2-F61F9745E7C5}.Release|x86.Deploy.0 = Release|x64
		{695F64DE-8008-49F7-869A-DEF4F00A5AE6}.Debug|ARM64.ActiveCfg = Debug|ARM64
		{695F64DE-8008-49F7-869A-DEF4F00A5AE6}.Debug|ARM64.Build.0 = Debug|ARM64
		{695F64DE-8008-49F7-869A-DEF4F00A5AE6}.Debug|ARM64.Deploy.0 = Debug|ARM64
		{695F64DE-8008-49F7-869A-DEF4F00A5AE6}.Debug|x64.ActiveCfg = Debug|x64
		{695F64DE-8008-49F7-869A-DEF4F00A5AE6}.Debug|x64.Build.0 = Debug|x64
		{695F64DE-8008-49F7-869A-DEF4F00A5AE6}.Debug|x64.Deploy.0 = Debug|x64
		{695F64DE-8008-49F7-869A-DEF4F00A5AE6}.Debug|x86.ActiveCfg = Debug|x64
		{695F64DE-8008-49F7-869A-DEF4F00A5AE6}.Debug|x86.Build.0 = Debug|x64
		{695F64DE-8008-49F7-869A-DEF4F00A5AE6}.Debug|x86.Deploy.0 = Debug|x64
		{695F64DE-8008-49F7-869A-DEF4F00A5AE6}.Release|ARM64.ActiveCfg = Release|ARM64
		{695F64DE-8008-49F7-869A-DEF4F00A5AE6}.Release|ARM64.Build.0 = Release|ARM64
		{695F64DE-8008-49F7-869A-DEF4F00A5AE6}.Release|ARM64.Deploy.0 = Release|ARM64
		{695F64DE-8008-49F7-869A-DEF4F00A5AE6}.Release|x64.ActiveCfg = Release|x64
		{695F64DE-8008-49F7-869A-DEF4F00A5AE6}.Release|x64.Build.0 = Release|x64
		{695F64DE-8008-49F7-869A-DEF4F00A5AE6}.Release|x64.Deploy.0 = Release|x64
		{695F64DE-8008-49F7-869A-DEF4F00A5AE6}.Release|x86.ActiveCfg = Release|x64
		{695F64DE-8008-49F7-869A-DEF4F00A5AE6}.Release|x86.Build.0 = Release|x64
		{695F64DE-8008-49F7-869A-DEF4F00A5AE6}.Release|x86.Deploy.0 = Release|x64
		{5A939142-5337-4999-ABE4-E25749F051E6}.Debug|ARM64.ActiveCfg = Debug|x64
		{5A939142-5337-4999-ABE4-E25749F051E6}.Debug|ARM64.Build.0 = Debug|x64
		{5A939142-5337-4999-ABE4-E25749F051E6}.Debug|x64.ActiveCfg = Debug|x64
		{5A939142-5337-4999-ABE4-E25749F051E6}.Debug|x64.Build.0 = Debug|x64
		{5A939142-5337-4999-ABE4-E25749F051E6}.Debug|x86.ActiveCfg = Debug|Win32
		{5A939142-5337-4999-ABE4-E25749F051E6}.Debug|x86.Build.0 = Debug|Win32
		{5A939142-5337-4999-ABE4-E25749F051E6}.Release|ARM64.ActiveCfg = Release|x64
		{5A939142-5337-4999-ABE4-E25749F051E6}.Release|ARM64.Build.0 = Release|x64
		{5A939142-5337-4999-ABE4-E25749F051E6}.Release|x64.ActiveCfg = Release|x64
		{5A939142-5337-4999-ABE4-E25749F051E6}.Release|x64.Build.0 = Release|x64
		{5A939142-5337-4999-ABE4-E25749F051E6}.Release|x86.ActiveCfg = Release|Win32
		{5A939142-5337-4999-ABE4-E25749F051E6}.Release|x86.Build.0 = Release|Win32
		{4A93FAF8-EECD-44E8-B3BB-47B020D312AF}.Debug|ARM64.ActiveCfg = Debug|x64
		{4A93FAF8-EECD-44E8-B3BB-47B020D312AF}.Debug|ARM64.Build.0 = Debug|x64
		{4A93FAF8-EECD-44E8-B3BB-47B020D312AF}.Debug|x64.ActiveCfg = Debug|x64
		{4A93FAF8-EECD-44E8-B3BB-47B020D312AF}.Debug|x64.Build.0 = Debug|x64
		{4A93FAF8-EECD-44E8-B3BB-47B020D312AF}.Debug|x86.ActiveCfg = Debug|Win32
		{4A93FAF8-EECD-44E8-B3BB-47B020D312AF}.Debug|x86.Build.0 = Debug|Win32
		{4A93FAF8-EECD-44E8-B3BB-47B020D312AF}.Release|ARM64.ActiveCfg = Release|x64
		{4A93FAF8-EECD-44E8-B3BB-47B020D312AF}.Release|ARM64.Build.0 = Release|x64
		{4A93FAF8-EECD-44E8-B3BB-47B020D312AF}.Release|x64.ActiveCfg = Release|x64
		{4A93FAF8-EECD-44E8-B3BB-47B020D312AF}.Release|x64.Build.0 = Release|x64
		{4A93FAF8-EECD-44E8-B3BB-47B020D312AF}.Release|x86.ActiveCfg = Release|Win32
		{4A93FAF8-EECD-44E8-B3BB-47B020D312AF}.Release|x86.Build.0 = Release|Win32
		{B5B41EC3-27FB-45E6-8EEA-36462F62A0AE}.Debug|ARM64.ActiveCfg = Debug|x64
		{B5B41EC3-27FB-45E6-8EEA-36462F62A0AE}.Debug|ARM64.Build.0 = Debug|x64
		{B5B41EC3-27FB-45E6-8EEA-36462F62A0AE}.Debug|x64.ActiveCfg = Debug|x64
		{B5B41EC3-27FB-45E6-8EEA-36462F62A0AE}.Debug|x64.Build.0 = Debug|x64
		{B5B41EC3-27FB-45E6-8EEA-36462F62A0AE}.Debug|x86.ActiveCfg = Debug|Win32
		{B5B41EC3-27FB-45E6-8EEA-36462F62A0AE}.Debug|x86.Build.0 = Debug|Win32
		{B5B41EC3-27FB-45E6-8EEA-36462F62A0AE}.Release|ARM64.ActiveCfg = Release|x64
		{B5B41EC3-27FB-45E6-8EEA-36462F62A0AE}.Release|ARM64.Build.0 = Release|x64
		{B5B41EC3-27FB-45E6-8EEA-36462F62A0AE}.Release|x64.ActiveCfg = Release|x64
		{B5B41EC3-27FB-45E6-8EEA-36462F62A0AE}.Release|x64.Build.0 = Release|x64
		{B5B41EC3-27FB-45E6-8EEA-36462F62A0AE}.Release|x86.ActiveCfg = Release|Win32
		{B5B41EC3-27FB-45E6-8EEA-36462F62A0AE}.Release|x86.Build.0 = Release|Win32
		{772BBF74-C62B-4463-B037-AD2E00A2D3E8}.Debug|ARM64.ActiveCfg = Debug|x64
		{772BBF74-C62B-4463-B037-AD2E00A2D3E8}.Debug|ARM64.Build.0 = Debug|x64
		{772BBF74-C62B-4463-B037-AD2E00A2D3E8}.Debug|x64.ActiveCfg = Debug|x64
		{772BBF74-C62B-4463-B037-AD2E00A2D3E8}.Debug|x64.Build.0 = Debug|x64
		{772BBF74-C62B-4463-B037-AD2E00A2D3E8}.Debug|x86.ActiveCfg = Debug|Win32
		{772BBF74-C62B-4463-B037-AD2E00A2D3E8}.Debug|x86.Build.0 = Debug|Win32
		{772BBF74-C62B-4463-B037-AD2E00A2D3E8}.Release|ARM64.ActiveCfg = Release|x64
		{772BBF74-C62B-4463-B037-AD2E00A2D3E8}.Release|ARM64.Build.0 = Release|x64
		{772BBF74-C62B-4463-B037-AD2E00A2D3E8}.Release|x64.ActiveCfg = Release|x64
		{772BBF74-C62B-4463-B037-AD2E00A2D3E8}.Release|x64.Build.0 = Release|x64
		{772BBF74-C62B-4463-B037-AD2E00A2D3E8}.Release|x86.ActiveCfg = Release|Win32
		{772BBF74-C62B-4463-B037-AD2E00A2D3E8}.Release|x86.Build.0 = Release|Win32
		{82845BD7-FAF7-43C2-B720-D645BBD3B99F}.Debug|ARM64.ActiveCfg = Debug|x64
		{82845BD7-FAF7-43C2-B720-D645BBD3B99F}.Debug|ARM64.Build.0 = Debug|x64
		{82845BD7-FAF7-43C2-B720-D645BBD3B99F}.Debug|x64.ActiveCfg = Debug|x64
		{82845BD7-FAF7-43C2-B720-D645BBD3B99F}.Debug|x64.Build.0 = Debug|x64
		{82845BD7-FAF7-43C2-B720-D645BBD3B99F}.Debug|x86.ActiveCfg = Debug|Win32
		{82845BD7-FAF7-43C2-B720-D645BBD3B99F}.Debug|x86.Build.0 = Debug|Win32
		{82845BD7-FAF7-43C2-B720-D645BBD3B99F}.Release|ARM64.ActiveCfg = Release|x64
		{82845BD7-FAF7-43C2-B720-D645BBD3B99F}.Release|ARM64.Build.0 = Release|x64
		{82845BD7-FAF7-43C2-B720-D645BBD3B99F}.Release|x64.ActiveCfg = Release|x64
		{82845BD7-FAF7-43C2-B720-D645BBD3B99F}.Release|x64.Build.0 = Release|x64
		{82845BD7-FAF7-43C2-B720-D645BBD3B99F}.Release|x86.ActiveCfg = Release|Win32
		{82845BD7-FAF7-43C2-B720-D645BBD3B99F}.Release|x86.Build.0 = Release|Win32
		{D92FB1C3-628A-467A-90C8-116D832881BF}.Debug|ARM64.ActiveCfg = Debug|ARM64
		{D92FB1C3-628A-467A-90C8-116D832881BF}.Debug|ARM64.Build.0 = Debug|ARM64
		{D92FB1C3-628A-467A-90C8-116D832881BF}.Debug|ARM64.Deploy.0 = Debug|ARM64
		{D92FB1C3-628A-467A-90C8-116D832881BF}.Debug|x64.ActiveCfg = Debug|x64
		{D92FB1C3-628A-467A-90C8-116D832881BF}.Debug|x64.Build.0 = Debug|x64
		{D92FB1C3-628A-467A-90C8-116D832881BF}.Debug|x64.Deploy.0 = Debug|x64
		{D92FB1C3-628A-467A-90C8-116D832881BF}.Debug|x86.ActiveCfg = Debug|x64
		{D92FB1C3-628A-467A-90C8-116D832881BF}.Debug|x86.Build.0 = Debug|x64
		{D92FB1C3-628A-467A-90C8-116D832881BF}.Debug|x86.Deploy.0 = Debug|x64
		{D92FB1C3-628A-467A-90C8-116D832881BF}.Release|ARM64.ActiveCfg = Release|ARM64
		{D92FB1C3-628A-467A-90C8-116D832881BF}.Release|ARM64.Build.0 = Release|ARM64
		{D92FB1C3-628A-467A-90C8-116D832881BF}.Release|ARM64.Deploy.0 = Release|ARM64
		{D92FB1C3-628A-467A-90C8-116D832881BF}.Release|x64.ActiveCfg = Release|x64
		{D92FB1C3-628A-467A-90C8-116D832881BF}.Release|x64.Build.0 = Release|x64
		{D92FB1C3-628A-467A-90C8-116D832881BF}.Release|x64.Deploy.0 = Release|x64
		{D92FB1C3-628A-467A-90C8-116D832881BF}.Release|x86.ActiveCfg = Release|x64
		{D92FB1C3-628A-467A-90C8-116D832881BF}.Release|x86.Build.0 = Release|x64
		{D92FB1C3-628A-467A-90C8-116D832881BF}.Release|x86.Deploy.0 = Release|x64
	EndGlobalSection
	GlobalSection(SolutionProperties) = preSolution
		HideSolutionNode = FALSE
	EndGlobalSection
	GlobalSection(ExtensibilityGlobals) = postSolution
		SolutionGuid = {070D7830-3B37-497B-8DAE-2157E31FA9A4}
	EndGlobalSection
EndGlobal
